{
  "pins" : [
    {
      "identity" : "microsoft-authentication-library-for-objc",
      "kind" : "remoteSourceControl",
      "location" : "https://github.com/AzureAD/microsoft-authentication-library-for-objc.git",
      "state" : {
        "revision" : "e9ef281b2f281c3ba2d32608138b1431cba5e4df",
        "version" : "1.2.20"
      }
    },
    {
      "identity" : "mockingbird",
      "kind" : "remoteSourceControl",
      "location" : "https://github.com/birdrides/mockingbird",
      "state" : {
        "revision" : "6e0d473df6b975719e145f6aebf90990c634700e",
        "version" : "0.20.0"
      }
    },
    {
      "identity" : "viewinspector",
      "kind" : "remoteSourceControl",
      "location" : "https://github.com/nalexn/ViewInspector",
      "state" : {
        "revision" : "f8a994374b9eff1d92046f3d759654f527495045",
        "version" : "0.9.7"
      }
    }
  ],
  "version" : 2
}
