// !$*UTF8*$!
{
	archiveVersion = 1;
	classes = {
	};
	objectVersion = 56;
	objects = {

/* Begin PBXBuildFile section */
		850A4C572A9F8AC5009C68CB /* ViewInspector in Frameworks */ = {isa = PBXBuildFile; productRef = 850A4C562A9F8AC5009C68CB /* ViewInspector */; };
		850A4C592AA0F0C1009C68CB /* View+Extensions.swift in Sources */ = {isa = PBXBuildFile; fileRef = 850A4C582AA0F0C1009C68CB /* View+Extensions.swift */; };
		85145C782AC1FC8900219D1D /* IconLabelFilledButtonView.swift in Sources */ = {isa = PBXBuildFile; fileRef = 85145C772AC1FC8900219D1D /* IconLabelFilledButtonView.swift */; };
		85145C7C2AC72AB100219D1D /* ButtonStyles.swift in Sources */ = {isa = PBXBuildFile; fileRef = 85145C7B2AC72AB100219D1D /* ButtonStyles.swift */; };
		85145C7E2AC72BE900219D1D /* HapticFeedbackInteractor.swift in Sources */ = {isa = PBXBuildFile; fileRef = 85145C7D2AC72BE900219D1D /* HapticFeedbackInteractor.swift */; };
		85145C842AC74DF400219D1D /* ToolbarViewModifier.swift in Sources */ = {isa = PBXBuildFile; fileRef = 85145C832AC74DF400219D1D /* ToolbarViewModifier.swift */; };
		8517C6C12B542DC500780643 /* RecipeEditIngredientSectionView.swift in Sources */ = {isa = PBXBuildFile; fileRef = 8517C6C02B542DC500780643 /* RecipeEditIngredientSectionView.swift */; };
		851C7EC52B348B5E00CDD529 /* MSAL in Frameworks */ = {isa = PBXBuildFile; productRef = 851C7EC42B348B5E00CDD529 /* MSAL */; };
		851C7EC92B348CFA00CDD529 /* AppDelegate.swift in Sources */ = {isa = PBXBuildFile; fileRef = 851C7EC82B348CFA00CDD529 /* AppDelegate.swift */; };
		851C7ECB2B348D8400CDD529 /* LoginView.swift in Sources */ = {isa = PBXBuildFile; fileRef = 851C7ECA2B348D8400CDD529 /* LoginView.swift */; };
		852158952AAE113200A354F1 /* RecipeInteractorUnitTests.swift in Sources */ = {isa = PBXBuildFile; fileRef = 852158942AAE113200A354F1 /* RecipeInteractorUnitTests.swift */; };
		8521589A2AAE12CD00A354F1 /* RecipeMock.json in Resources */ = {isa = PBXBuildFile; fileRef = 852158992AAE12CD00A354F1 /* RecipeMock.json */; };
		8521589C2AAF7FA200A354F1 /* RecipeEditDescriptionListCellView.swift in Sources */ = {isa = PBXBuildFile; fileRef = 8521589B2AAF7FA200A354F1 /* RecipeEditDescriptionListCellView.swift */; };
		85279F412AA47EF60031067B /* IconFilledButtonView.swift in Sources */ = {isa = PBXBuildFile; fileRef = 85279F402AA47EF60031067B /* IconFilledButtonView.swift */; };
		85279F432AA480210031067B /* RecipeEditPortionCounterView.swift in Sources */ = {isa = PBXBuildFile; fileRef = 85279F422AA480210031067B /* RecipeEditPortionCounterView.swift */; };
		85279F452AA488540031067B /* HideViewModifier.swift in Sources */ = {isa = PBXBuildFile; fileRef = 85279F442AA488540031067B /* HideViewModifier.swift */; };
		852DEEDD2B3722360097DA36 /* CustomNavigationController.swift in Sources */ = {isa = PBXBuildFile; fileRef = 852DEEDC2B3722360097DA36 /* CustomNavigationController.swift */; };
		852DEEE12B383EB20097DA36 /* RecipeNavigationCoordinator.swift in Sources */ = {isa = PBXBuildFile; fileRef = 852DEEE02B383EB20097DA36 /* RecipeNavigationCoordinator.swift */; };
		852DEEE32B398EB80097DA36 /* ZoomableScrollView.swift in Sources */ = {isa = PBXBuildFile; fileRef = 852DEEE22B398EB80097DA36 /* ZoomableScrollView.swift */; };
		852DEEE52B3999EF0097DA36 /* RecipeDetailInformationCoordinator.swift in Sources */ = {isa = PBXBuildFile; fileRef = 852DEEE42B3999EF0097DA36 /* RecipeDetailInformationCoordinator.swift */; };
		85376D752AA4A439003CFEDB /* ImagePickerView.swift in Sources */ = {isa = PBXBuildFile; fileRef = 85376D742AA4A439003CFEDB /* ImagePickerView.swift */; };
		85376D792AA4BEED003CFEDB /* RecipeInteractor.swift in Sources */ = {isa = PBXBuildFile; fileRef = 85376D782AA4BEED003CFEDB /* RecipeInteractor.swift */; };
		85376D7C2AA4C71B003CFEDB /* DependencyInjection.swift in Sources */ = {isa = PBXBuildFile; fileRef = 85376D7B2AA4C71B003CFEDB /* DependencyInjection.swift */; };
		855617752A9A36F300DD5877 /* ListSectionView.swift in Sources */ = {isa = PBXBuildFile; fileRef = 855617742A9A36F300DD5877 /* ListSectionView.swift */; };
		855617772A9A48E800DD5877 /* RecipeEditContentSectionView.swift in Sources */ = {isa = PBXBuildFile; fileRef = 855617762A9A48E800DD5877 /* RecipeEditContentSectionView.swift */; };
		8556177A2A9A4A8900DD5877 /* DeleteSwipeGestureViewModifier.swift in Sources */ = {isa = PBXBuildFile; fileRef = 855617792A9A4A8900DD5877 /* DeleteSwipeGestureViewModifier.swift */; };
		8556177C2A9A4D8C00DD5877 /* RecipeEditAttachmentPreviewListCellView.swift in Sources */ = {isa = PBXBuildFile; fileRef = 8556177B2A9A4D8C00DD5877 /* RecipeEditAttachmentPreviewListCellView.swift */; };
		855617822A9B4F5400DD5877 /* TagView.swift in Sources */ = {isa = PBXBuildFile; fileRef = 855617812A9B4F5400DD5877 /* TagView.swift */; };
		855617842A9B507200DD5877 /* ColorViewModifier.swift in Sources */ = {isa = PBXBuildFile; fileRef = 855617832A9B507200DD5877 /* ColorViewModifier.swift */; };
		855617872A9B511600DD5877 /* ColorGenerator.swift in Sources */ = {isa = PBXBuildFile; fileRef = 855617862A9B511600DD5877 /* ColorGenerator.swift */; };
		855617892A9B53C500DD5877 /* ValueWithUnitInputFieldView.swift in Sources */ = {isa = PBXBuildFile; fileRef = 855617882A9B53C500DD5877 /* ValueWithUnitInputFieldView.swift */; };
		8556178B2A9B565D00DD5877 /* ValuePickerView.swift in Sources */ = {isa = PBXBuildFile; fileRef = 8556178A2A9B565D00DD5877 /* ValuePickerView.swift */; };
		855617902A9B7C8800DD5877 /* RecipeListingView.swift in Sources */ = {isa = PBXBuildFile; fileRef = 8556178F2A9B7C8800DD5877 /* RecipeListingView.swift */; };
		855617922A9B7CB600DD5877 /* RecipeCardView.swift in Sources */ = {isa = PBXBuildFile; fileRef = 855617912A9B7CB600DD5877 /* RecipeCardView.swift */; };
		855617942A9D242100DD5877 /* CreateNewRecipeUITest.swift in Sources */ = {isa = PBXBuildFile; fileRef = 855617932A9D242100DD5877 /* CreateNewRecipeUITest.swift */; };
		8568698B2B20EDCD00856E6F /* ImageDetailView.swift in Sources */ = {isa = PBXBuildFile; fileRef = 8568698A2B20EDCD00856E6F /* ImageDetailView.swift */; };
		856E230E2B3DC3A6000D32CD /* ImageFullScreenViewController.swift in Sources */ = {isa = PBXBuildFile; fileRef = 856E230D2B3DC3A6000D32CD /* ImageFullScreenViewController.swift */; };
		8574639F2ACF454300864AAA /* RecipeEditCoordinator.swift in Sources */ = {isa = PBXBuildFile; fileRef = 8574639E2ACF454300864AAA /* RecipeEditCoordinator.swift */; };
		857463A12ACFF3A900864AAA /* IconButtonView.swift in Sources */ = {isa = PBXBuildFile; fileRef = 857463A02ACFF3A900864AAA /* IconButtonView.swift */; };
		857463A62AD28B9300864AAA /* RecipeContentSelectionView.swift in Sources */ = {isa = PBXBuildFile; fileRef = 857463A52AD28B9300864AAA /* RecipeContentSelectionView.swift */; };
		857706102C245F5500138E72 /* RecipeEditContentsView.swift in Sources */ = {isa = PBXBuildFile; fileRef = 8577060F2C245F5500138E72 /* RecipeEditContentsView.swift */; };
		857706122C2461DC00138E72 /* RecipeContentsView.swift in Sources */ = {isa = PBXBuildFile; fileRef = 857706112C2461DC00138E72 /* RecipeContentsView.swift */; };
		857AD85D2A93E74900259579 /* TestView.swift in Sources */ = {isa = PBXBuildFile; fileRef = 857AD85C2A93E74900259579 /* TestView.swift */; };
		85802F342C2447D7001D8996 /* RecipeModel+RecipeValidator.swift in Sources */ = {isa = PBXBuildFile; fileRef = 85802F332C2447D7001D8996 /* RecipeModel+RecipeValidator.swift */; };
		85802F362C245308001D8996 /* CodableImage.swift in Sources */ = {isa = PBXBuildFile; fileRef = 85802F352C245308001D8996 /* CodableImage.swift */; };
		858935BD2A90FEE200011D7F /* MealPlanApp.swift in Sources */ = {isa = PBXBuildFile; fileRef = 858935BC2A90FEE200011D7F /* MealPlanApp.swift */; };
		858935C12A90FEE300011D7F /* Assets.xcassets in Resources */ = {isa = PBXBuildFile; fileRef = 858935C02A90FEE300011D7F /* Assets.xcassets */; };
		858935C42A90FEE300011D7F /* PreviewAssets.xcassets in Resources */ = {isa = PBXBuildFile; fileRef = 858935C32A90FEE300011D7F /* PreviewAssets.xcassets */; };
		858935CE2A90FEE300011D7F /* MealPlanTests.swift in Sources */ = {isa = PBXBuildFile; fileRef = 858935CD2A90FEE300011D7F /* MealPlanTests.swift */; };
		858935D82A90FEE300011D7F /* MealPlanUITests.swift in Sources */ = {isa = PBXBuildFile; fileRef = 858935D72A90FEE300011D7F /* MealPlanUITests.swift */; };
		858935DA2A90FEE300011D7F /* MealPlanUITestsLaunchTests.swift in Sources */ = {isa = PBXBuildFile; fileRef = 858935D92A90FEE300011D7F /* MealPlanUITestsLaunchTests.swift */; };
		858935E82A910B0800011D7F /* RecipeModel.swift in Sources */ = {isa = PBXBuildFile; fileRef = 858935E72A910B0800011D7F /* RecipeModel.swift */; };
		858935EF2A92120400011D7F /* LabelButtonView.swift in Sources */ = {isa = PBXBuildFile; fileRef = 858935EE2A92120400011D7F /* LabelButtonView.swift */; };
		858935F62A9255D900011D7F /* RecipeEditView.swift in Sources */ = {isa = PBXBuildFile; fileRef = 858935F52A9255D900011D7F /* RecipeEditView.swift */; };
		858935F92A9256DF00011D7F /* RecipeEditNameSectionView.swift in Sources */ = {isa = PBXBuildFile; fileRef = 858935F82A9256DF00011D7F /* RecipeEditNameSectionView.swift */; };
		858935FB2A92650F00011D7F /* RecipeEditMetaInformationSectionView.swift in Sources */ = {isa = PBXBuildFile; fileRef = 858935FA2A92650F00011D7F /* RecipeEditMetaInformationSectionView.swift */; };
		858935FD2A9265C200011D7F /* LayoutConstants.swift in Sources */ = {isa = PBXBuildFile; fileRef = 858935FC2A9265C200011D7F /* LayoutConstants.swift */; };
		858935FF2A92675300011D7F /* Colors.swift in Sources */ = {isa = PBXBuildFile; fileRef = 858935FE2A92675300011D7F /* Colors.swift */; };
		858936012A9267AA00011D7F /* Colors.xcassets in Resources */ = {isa = PBXBuildFile; fileRef = 858936002A9267AA00011D7F /* Colors.xcassets */; };
		858978972BFF4462005176DC /* RecipeDetailTitleView.swift in Sources */ = {isa = PBXBuildFile; fileRef = 858978962BFF4462005176DC /* RecipeDetailTitleView.swift */; };
		858978992C026B4E005176DC /* RecipeAddStepCoordinator.swift in Sources */ = {isa = PBXBuildFile; fileRef = 858978982C026B4E005176DC /* RecipeAddStepCoordinator.swift */; };
		8592360F2ACABEF800015B41 /* RecipeHomeCoordinator.swift in Sources */ = {isa = PBXBuildFile; fileRef = 8592360E2ACABEF800015B41 /* RecipeHomeCoordinator.swift */; };
		859236112ACACEE000015B41 /* RecipeMetainformationModel.swift in Sources */ = {isa = PBXBuildFile; fileRef = 859236102ACACEE000015B41 /* RecipeMetainformationModel.swift */; };
		859236132ACAF63E00015B41 /* RecipeDetailCoordinator.swift in Sources */ = {isa = PBXBuildFile; fileRef = 859236122ACAF63E00015B41 /* RecipeDetailCoordinator.swift */; };
		859236162ACC0EED00015B41 /* RecipesDataSource.swift in Sources */ = {isa = PBXBuildFile; fileRef = 859236152ACC0EED00015B41 /* RecipesDataSource.swift */; };
		859236182ACC67BF00015B41 /* Coordinator+Protocol.swift in Sources */ = {isa = PBXBuildFile; fileRef = 859236172ACC67BF00015B41 /* Coordinator+Protocol.swift */; };
		8592E6FA2B00F07A00200337 /* RecipeEditTitleImageSectionView.swift in Sources */ = {isa = PBXBuildFile; fileRef = 8592E6F92B00F07A00200337 /* RecipeEditTitleImageSectionView.swift */; };
		85AFE78B2B53FE50001F4AE9 /* RecipeDetailStepsView.swift in Sources */ = {isa = PBXBuildFile; fileRef = 85AFE78A2B53FE50001F4AE9 /* RecipeDetailStepsView.swift */; };
		85AFE78D2B542895001F4AE9 /* RecipeIngredientModel.swift in Sources */ = {isa = PBXBuildFile; fileRef = 85AFE78C2B542895001F4AE9 /* RecipeIngredientModel.swift */; };
		85AFE78F2B542903001F4AE9 /* RecipeContentsIngredientView.swift in Sources */ = {isa = PBXBuildFile; fileRef = 85AFE78E2B542903001F4AE9 /* RecipeContentsIngredientView.swift */; };
		85B8E28B2C7B1ECD0055AC6C /* RecipeEditStepView.swift in Sources */ = {isa = PBXBuildFile; fileRef = 85B8E28A2C7B1ECD0055AC6C /* RecipeEditStepView.swift */; };
		85BE2D0B2A951597001E3551 /* OneLineTitleCustomElementListCellView.swift in Sources */ = {isa = PBXBuildFile; fileRef = 85BE2D0A2A951597001E3551 /* OneLineTitleCustomElementListCellView.swift */; };
		85BE2D0D2A951AC1001E3551 /* IconLabelListCellView.swift in Sources */ = {isa = PBXBuildFile; fileRef = 85BE2D0C2A951AC1001E3551 /* IconLabelListCellView.swift */; };
		85BE2D0F2A951AF0001E3551 /* ListCellWrapperView.swift in Sources */ = {isa = PBXBuildFile; fileRef = 85BE2D0E2A951AF0001E3551 /* ListCellWrapperView.swift */; };
		85CA5B622AB4CFE300F33EB0 /* RecipeDetailView.swift in Sources */ = {isa = PBXBuildFile; fileRef = 85CA5B612AB4CFE300F33EB0 /* RecipeDetailView.swift */; };
		85CA5B692AB4E07E00F33EB0 /* CameraView.swift in Sources */ = {isa = PBXBuildFile; fileRef = 85CA5B682AB4E07E00F33EB0 /* CameraView.swift */; };
		85D479012B3DCCAA00C0472D /* FullScreenTransitionManager.swift in Sources */ = {isa = PBXBuildFile; fileRef = 85D479002B3DCCAA00C0472D /* FullScreenTransitionManager.swift */; };
		85D479032B3DCCF800C0472D /* FullScreenPresentationController.swift in Sources */ = {isa = PBXBuildFile; fileRef = 85D479022B3DCCF800C0472D /* FullScreenPresentationController.swift */; };
		85D479052B3DCD4C00C0472D /* UIView+Extensions.swift in Sources */ = {isa = PBXBuildFile; fileRef = 85D479042B3DCD4C00C0472D /* UIView+Extensions.swift */; };
		85D479072B3DCF8600C0472D /* FullScreenAnimationController.swift in Sources */ = {isa = PBXBuildFile; fileRef = 85D479062B3DCF8600C0472D /* FullScreenAnimationController.swift */; };
		85D479432B3F119E00C0472D /* SimpleParallaxHeaderView.swift in Sources */ = {isa = PBXBuildFile; fileRef = 85D479422B3F119E00C0472D /* SimpleParallaxHeaderView.swift */; };
		85D5583D2AB74B54006AE155 /* RecipeWebRepository.swift in Sources */ = {isa = PBXBuildFile; fileRef = 85D5583C2AB74B54006AE155 /* RecipeWebRepository.swift */; };
		85D5583F2AB74B84006AE155 /* RecipeRepository+Protocol.swift in Sources */ = {isa = PBXBuildFile; fileRef = 85D5583E2AB74B84006AE155 /* RecipeRepository+Protocol.swift */; };
		85D558412AB74C00006AE155 /* RecipeContentModel.swift in Sources */ = {isa = PBXBuildFile; fileRef = 85D558402AB74C00006AE155 /* RecipeContentModel.swift */; };
		85D558432AB75374006AE155 /* RecipeRepositoryUnitTests.swift in Sources */ = {isa = PBXBuildFile; fileRef = 85D558422AB75374006AE155 /* RecipeRepositoryUnitTests.swift */; };
		85D558462AB75591006AE155 /* Mockingbird in Frameworks */ = {isa = PBXBuildFile; productRef = 85D558452AB75591006AE155 /* Mockingbird */; };
		85D558492AB7605B006AE155 /* RecipeStepModel.swift in Sources */ = {isa = PBXBuildFile; fileRef = 85D558482AB7605B006AE155 /* RecipeStepModel.swift */; };
		85D5584B2AB76147006AE155 /* LoadingDataView.swift in Sources */ = {isa = PBXBuildFile; fileRef = 85D5584A2AB76147006AE155 /* LoadingDataView.swift */; };
		85E151382AED05A700FB55CC /* ParallaxHeaderView.swift in Sources */ = {isa = PBXBuildFile; fileRef = 85E151372AED05A700FB55CC /* ParallaxHeaderView.swift */; };
		85E1513E2AF2531D00FB55CC /* RecipeDetailHeaderView.swift in Sources */ = {isa = PBXBuildFile; fileRef = 85E1513D2AF2531D00FB55CC /* RecipeDetailHeaderView.swift */; };
		85E151422AF25C4B00FB55CC /* SectionView.swift in Sources */ = {isa = PBXBuildFile; fileRef = 85E151412AF25C4B00FB55CC /* SectionView.swift */; };
		85E151442AF260D200FB55CC /* FillFrameViewModifier.swift in Sources */ = {isa = PBXBuildFile; fileRef = 85E151432AF260D200FB55CC /* FillFrameViewModifier.swift */; };
		85E151462AF262DF00FB55CC /* RecipeDetailAttachmentsView.swift in Sources */ = {isa = PBXBuildFile; fileRef = 85E151452AF262DF00FB55CC /* RecipeDetailAttachmentsView.swift */; };
		85E151482AF2671600FB55CC /* RecipeDetailAttachmentImageView.swift in Sources */ = {isa = PBXBuildFile; fileRef = 85E151472AF2671600FB55CC /* RecipeDetailAttachmentImageView.swift */; };
		85E1514A2AF7B11A00FB55CC /* ImagePicker.swift in Sources */ = {isa = PBXBuildFile; fileRef = 85E151492AF7B11A00FB55CC /* ImagePicker.swift */; };
		85E21A2E2C7C713200E29A6E /* TextEditorWithPlaceholder.swift in Sources */ = {isa = PBXBuildFile; fileRef = 85E21A2D2C7C713200E29A6E /* TextEditorWithPlaceholder.swift */; };
		85E665852B9DA4E1001DD882 /* Fonts.swift in Sources */ = {isa = PBXBuildFile; fileRef = 85E665842B9DA4E1001DD882 /* Fonts.swift */; };
		85E665882B9DA7BB001DD882 /* AbrilFatface-Regular.ttf in Resources */ = {isa = PBXBuildFile; fileRef = 85E665872B9DA7BB001DD882 /* AbrilFatface-Regular.ttf */; };
		85E665932B9E3760001DD882 /* Geist-Bold.otf in Resources */ = {isa = PBXBuildFile; fileRef = 85E6658A2B9E3760001DD882 /* Geist-Bold.otf */; };
		85E665942B9E3760001DD882 /* Geist-Light.otf in Resources */ = {isa = PBXBuildFile; fileRef = 85E6658B2B9E3760001DD882 /* Geist-Light.otf */; };
		85E665952B9E3760001DD882 /* Geist-Black.otf in Resources */ = {isa = PBXBuildFile; fileRef = 85E6658C2B9E3760001DD882 /* Geist-Black.otf */; };
		85E665962B9E3760001DD882 /* Geist-UltraBlack.otf in Resources */ = {isa = PBXBuildFile; fileRef = 85E6658D2B9E3760001DD882 /* Geist-UltraBlack.otf */; };
		85E665972B9E3760001DD882 /* Geist-Regular.otf in Resources */ = {isa = PBXBuildFile; fileRef = 85E6658E2B9E3760001DD882 /* Geist-Regular.otf */; };
		85E665982B9E3760001DD882 /* Geist-Thin.otf in Resources */ = {isa = PBXBuildFile; fileRef = 85E6658F2B9E3760001DD882 /* Geist-Thin.otf */; };
		85E665992B9E3760001DD882 /* Geist-UltraLight.otf in Resources */ = {isa = PBXBuildFile; fileRef = 85E665902B9E3760001DD882 /* Geist-UltraLight.otf */; };
		85E6659A2B9E3760001DD882 /* Geist-SemiBold.otf in Resources */ = {isa = PBXBuildFile; fileRef = 85E665912B9E3760001DD882 /* Geist-SemiBold.otf */; };
		85E6659B2B9E3760001DD882 /* Geist-Medium.otf in Resources */ = {isa = PBXBuildFile; fileRef = 85E665922B9E3760001DD882 /* Geist-Medium.otf */; };
		85E6659D2B9E37AF001DD882 /* StickyHeaderView.swift in Sources */ = {isa = PBXBuildFile; fileRef = 85E6659C2B9E37AF001DD882 /* StickyHeaderView.swift */; };
		85FE69C32AFE936900CBE50E /* ImageResourceModel.swift in Sources */ = {isa = PBXBuildFile; fileRef = 85FE69C22AFE936900CBE50E /* ImageResourceModel.swift */; };
		85FE69C52AFE947E00CBE50E /* AttachmentLoaderView.swift in Sources */ = {isa = PBXBuildFile; fileRef = 85FE69C42AFE947E00CBE50E /* AttachmentLoaderView.swift */; };
		85FE69C72AFE96B100CBE50E /* ResourcesDataSource.swift in Sources */ = {isa = PBXBuildFile; fileRef = 85FE69C62AFE96B100CBE50E /* ResourcesDataSource.swift */; };
		85FE69C92AFEA35700CBE50E /* RecipeEditAttachmentSectionView.swift in Sources */ = {isa = PBXBuildFile; fileRef = 85FE69C82AFEA35700CBE50E /* RecipeEditAttachmentSectionView.swift */; };
		85FE69CB2B00038E00CBE50E /* AddImageCoordinator.swift in Sources */ = {isa = PBXBuildFile; fileRef = 85FE69CA2B00038E00CBE50E /* AddImageCoordinator.swift */; };
/* End PBXBuildFile section */

/* Begin PBXContainerItemProxy section */
		858935CA2A90FEE300011D7F /* PBXContainerItemProxy */ = {
			isa = PBXContainerItemProxy;
			containerPortal = 858935B12A90FEE200011D7F /* Project object */;
			proxyType = 1;
			remoteGlobalIDString = 858935B82A90FEE200011D7F;
			remoteInfo = MealPlan;
		};
		858935D42A90FEE300011D7F /* PBXContainerItemProxy */ = {
			isa = PBXContainerItemProxy;
			containerPortal = 858935B12A90FEE200011D7F /* Project object */;
			proxyType = 1;
			remoteGlobalIDString = 858935B82A90FEE200011D7F;
			remoteInfo = MealPlan;
		};
/* End PBXContainerItemProxy section */

/* Begin PBXFileReference section */
		850A4C582AA0F0C1009C68CB /* View+Extensions.swift */ = {isa = PBXFileReference; lastKnownFileType = sourcecode.swift; path = "View+Extensions.swift"; sourceTree = "<group>"; };
		85145C772AC1FC8900219D1D /* IconLabelFilledButtonView.swift */ = {isa = PBXFileReference; lastKnownFileType = sourcecode.swift; path = IconLabelFilledButtonView.swift; sourceTree = "<group>"; };
		85145C7B2AC72AB100219D1D /* ButtonStyles.swift */ = {isa = PBXFileReference; lastKnownFileType = sourcecode.swift; path = ButtonStyles.swift; sourceTree = "<group>"; };
		85145C7D2AC72BE900219D1D /* HapticFeedbackInteractor.swift */ = {isa = PBXFileReference; lastKnownFileType = sourcecode.swift; path = HapticFeedbackInteractor.swift; sourceTree = "<group>"; };
		85145C832AC74DF400219D1D /* ToolbarViewModifier.swift */ = {isa = PBXFileReference; lastKnownFileType = sourcecode.swift; path = ToolbarViewModifier.swift; sourceTree = "<group>"; };
		8517C6C02B542DC500780643 /* RecipeEditIngredientSectionView.swift */ = {isa = PBXFileReference; lastKnownFileType = sourcecode.swift; path = RecipeEditIngredientSectionView.swift; sourceTree = "<group>"; };
		851C7EC62B348B7500CDD529 /* SmashedBook.entitlements */ = {isa = PBXFileReference; lastKnownFileType = text.plist.entitlements; path = SmashedBook.entitlements; sourceTree = "<group>"; };
		851C7EC72B348BE700CDD529 /* Info.plist */ = {isa = PBXFileReference; lastKnownFileType = text.plist; path = Info.plist; sourceTree = "<group>"; };
		851C7EC82B348CFA00CDD529 /* AppDelegate.swift */ = {isa = PBXFileReference; lastKnownFileType = sourcecode.swift; path = AppDelegate.swift; sourceTree = "<group>"; };
		851C7ECA2B348D8400CDD529 /* LoginView.swift */ = {isa = PBXFileReference; lastKnownFileType = sourcecode.swift; path = LoginView.swift; sourceTree = "<group>"; };
		852158942AAE113200A354F1 /* RecipeInteractorUnitTests.swift */ = {isa = PBXFileReference; lastKnownFileType = sourcecode.swift; path = RecipeInteractorUnitTests.swift; sourceTree = "<group>"; };
		852158992AAE12CD00A354F1 /* RecipeMock.json */ = {isa = PBXFileReference; lastKnownFileType = text.json; path = RecipeMock.json; sourceTree = "<group>"; };
		8521589B2AAF7FA200A354F1 /* RecipeEditDescriptionListCellView.swift */ = {isa = PBXFileReference; lastKnownFileType = sourcecode.swift; path = RecipeEditDescriptionListCellView.swift; sourceTree = "<group>"; };
		85279F402AA47EF60031067B /* IconFilledButtonView.swift */ = {isa = PBXFileReference; lastKnownFileType = sourcecode.swift; path = IconFilledButtonView.swift; sourceTree = "<group>"; };
		85279F422AA480210031067B /* RecipeEditPortionCounterView.swift */ = {isa = PBXFileReference; lastKnownFileType = sourcecode.swift; path = RecipeEditPortionCounterView.swift; sourceTree = "<group>"; };
		85279F442AA488540031067B /* HideViewModifier.swift */ = {isa = PBXFileReference; lastKnownFileType = sourcecode.swift; path = HideViewModifier.swift; sourceTree = "<group>"; };
		852DEEDC2B3722360097DA36 /* CustomNavigationController.swift */ = {isa = PBXFileReference; lastKnownFileType = sourcecode.swift; path = CustomNavigationController.swift; sourceTree = "<group>"; };
		852DEEE02B383EB20097DA36 /* RecipeNavigationCoordinator.swift */ = {isa = PBXFileReference; lastKnownFileType = sourcecode.swift; path = RecipeNavigationCoordinator.swift; sourceTree = "<group>"; };
		852DEEE22B398EB80097DA36 /* ZoomableScrollView.swift */ = {isa = PBXFileReference; lastKnownFileType = sourcecode.swift; path = ZoomableScrollView.swift; sourceTree = "<group>"; };
		852DEEE42B3999EF0097DA36 /* RecipeDetailInformationCoordinator.swift */ = {isa = PBXFileReference; lastKnownFileType = sourcecode.swift; path = RecipeDetailInformationCoordinator.swift; sourceTree = "<group>"; };
		85376D742AA4A439003CFEDB /* ImagePickerView.swift */ = {isa = PBXFileReference; lastKnownFileType = sourcecode.swift; path = ImagePickerView.swift; sourceTree = "<group>"; };
		85376D782AA4BEED003CFEDB /* RecipeInteractor.swift */ = {isa = PBXFileReference; lastKnownFileType = sourcecode.swift; path = RecipeInteractor.swift; sourceTree = "<group>"; };
		85376D7B2AA4C71B003CFEDB /* DependencyInjection.swift */ = {isa = PBXFileReference; lastKnownFileType = sourcecode.swift; path = DependencyInjection.swift; sourceTree = "<group>"; };
		855617742A9A36F300DD5877 /* ListSectionView.swift */ = {isa = PBXFileReference; lastKnownFileType = sourcecode.swift; path = ListSectionView.swift; sourceTree = "<group>"; };
		855617762A9A48E800DD5877 /* RecipeEditContentSectionView.swift */ = {isa = PBXFileReference; lastKnownFileType = sourcecode.swift; path = RecipeEditContentSectionView.swift; sourceTree = "<group>"; };
		855617792A9A4A8900DD5877 /* DeleteSwipeGestureViewModifier.swift */ = {isa = PBXFileReference; lastKnownFileType = sourcecode.swift; path = DeleteSwipeGestureViewModifier.swift; sourceTree = "<group>"; };
		8556177B2A9A4D8C00DD5877 /* RecipeEditAttachmentPreviewListCellView.swift */ = {isa = PBXFileReference; lastKnownFileType = sourcecode.swift; path = RecipeEditAttachmentPreviewListCellView.swift; sourceTree = "<group>"; };
		855617812A9B4F5400DD5877 /* TagView.swift */ = {isa = PBXFileReference; lastKnownFileType = sourcecode.swift; path = TagView.swift; sourceTree = "<group>"; };
		855617832A9B507200DD5877 /* ColorViewModifier.swift */ = {isa = PBXFileReference; lastKnownFileType = sourcecode.swift; path = ColorViewModifier.swift; sourceTree = "<group>"; };
		855617862A9B511600DD5877 /* ColorGenerator.swift */ = {isa = PBXFileReference; lastKnownFileType = sourcecode.swift; path = ColorGenerator.swift; sourceTree = "<group>"; };
		855617882A9B53C500DD5877 /* ValueWithUnitInputFieldView.swift */ = {isa = PBXFileReference; lastKnownFileType = sourcecode.swift; path = ValueWithUnitInputFieldView.swift; sourceTree = "<group>"; };
		8556178A2A9B565D00DD5877 /* ValuePickerView.swift */ = {isa = PBXFileReference; lastKnownFileType = sourcecode.swift; path = ValuePickerView.swift; sourceTree = "<group>"; };
		8556178F2A9B7C8800DD5877 /* RecipeListingView.swift */ = {isa = PBXFileReference; lastKnownFileType = sourcecode.swift; path = RecipeListingView.swift; sourceTree = "<group>"; };
		855617912A9B7CB600DD5877 /* RecipeCardView.swift */ = {isa = PBXFileReference; lastKnownFileType = sourcecode.swift; path = RecipeCardView.swift; sourceTree = "<group>"; };
		855617932A9D242100DD5877 /* CreateNewRecipeUITest.swift */ = {isa = PBXFileReference; lastKnownFileType = sourcecode.swift; path = CreateNewRecipeUITest.swift; sourceTree = "<group>"; };
		8568698A2B20EDCD00856E6F /* ImageDetailView.swift */ = {isa = PBXFileReference; lastKnownFileType = sourcecode.swift; path = ImageDetailView.swift; sourceTree = "<group>"; };
		856E230D2B3DC3A6000D32CD /* ImageFullScreenViewController.swift */ = {isa = PBXFileReference; lastKnownFileType = sourcecode.swift; path = ImageFullScreenViewController.swift; sourceTree = "<group>"; };
		8574639E2ACF454300864AAA /* RecipeEditCoordinator.swift */ = {isa = PBXFileReference; lastKnownFileType = sourcecode.swift; path = RecipeEditCoordinator.swift; sourceTree = "<group>"; };
		857463A02ACFF3A900864AAA /* IconButtonView.swift */ = {isa = PBXFileReference; lastKnownFileType = sourcecode.swift; path = IconButtonView.swift; sourceTree = "<group>"; };
		857463A52AD28B9300864AAA /* RecipeContentSelectionView.swift */ = {isa = PBXFileReference; lastKnownFileType = sourcecode.swift; path = RecipeContentSelectionView.swift; sourceTree = "<group>"; };
		8577060F2C245F5500138E72 /* RecipeEditContentsView.swift */ = {isa = PBXFileReference; lastKnownFileType = sourcecode.swift; path = RecipeEditContentsView.swift; sourceTree = "<group>"; };
		857706112C2461DC00138E72 /* RecipeContentsView.swift */ = {isa = PBXFileReference; lastKnownFileType = sourcecode.swift; path = RecipeContentsView.swift; sourceTree = "<group>"; };
		857AD85C2A93E74900259579 /* TestView.swift */ = {isa = PBXFileReference; lastKnownFileType = sourcecode.swift; path = TestView.swift; sourceTree = "<group>"; };
		85802F332C2447D7001D8996 /* RecipeModel+RecipeValidator.swift */ = {isa = PBXFileReference; lastKnownFileType = sourcecode.swift; path = "RecipeModel+RecipeValidator.swift"; sourceTree = "<group>"; };
		85802F352C245308001D8996 /* CodableImage.swift */ = {isa = PBXFileReference; lastKnownFileType = sourcecode.swift; path = CodableImage.swift; sourceTree = "<group>"; };
		858935B92A90FEE200011D7F /* SmashedBook.app */ = {isa = PBXFileReference; explicitFileType = wrapper.application; includeInIndex = 0; path = SmashedBook.app; sourceTree = BUILT_PRODUCTS_DIR; };
		858935BC2A90FEE200011D7F /* MealPlanApp.swift */ = {isa = PBXFileReference; lastKnownFileType = sourcecode.swift; path = MealPlanApp.swift; sourceTree = "<group>"; };
		858935C02A90FEE300011D7F /* Assets.xcassets */ = {isa = PBXFileReference; lastKnownFileType = folder.assetcatalog; path = Assets.xcassets; sourceTree = "<group>"; };
		858935C32A90FEE300011D7F /* PreviewAssets.xcassets */ = {isa = PBXFileReference; lastKnownFileType = folder.assetcatalog; path = PreviewAssets.xcassets; sourceTree = "<group>"; };
		858935C92A90FEE300011D7F /* SmashedBookTests.xctest */ = {isa = PBXFileReference; explicitFileType = wrapper.cfbundle; includeInIndex = 0; path = SmashedBookTests.xctest; sourceTree = BUILT_PRODUCTS_DIR; };
		858935CD2A90FEE300011D7F /* MealPlanTests.swift */ = {isa = PBXFileReference; lastKnownFileType = sourcecode.swift; path = MealPlanTests.swift; sourceTree = "<group>"; };
		858935D32A90FEE300011D7F /* SmashedBookUITests.xctest */ = {isa = PBXFileReference; explicitFileType = wrapper.cfbundle; includeInIndex = 0; path = SmashedBookUITests.xctest; sourceTree = BUILT_PRODUCTS_DIR; };
		858935D72A90FEE300011D7F /* MealPlanUITests.swift */ = {isa = PBXFileReference; lastKnownFileType = sourcecode.swift; path = MealPlanUITests.swift; sourceTree = "<group>"; };
		858935D92A90FEE300011D7F /* MealPlanUITestsLaunchTests.swift */ = {isa = PBXFileReference; lastKnownFileType = sourcecode.swift; path = MealPlanUITestsLaunchTests.swift; sourceTree = "<group>"; };
		858935E72A910B0800011D7F /* RecipeModel.swift */ = {isa = PBXFileReference; lastKnownFileType = sourcecode.swift; path = RecipeModel.swift; sourceTree = "<group>"; };
		858935EE2A92120400011D7F /* LabelButtonView.swift */ = {isa = PBXFileReference; lastKnownFileType = sourcecode.swift; path = LabelButtonView.swift; sourceTree = "<group>"; };
		858935F52A9255D900011D7F /* RecipeEditView.swift */ = {isa = PBXFileReference; lastKnownFileType = sourcecode.swift; path = RecipeEditView.swift; sourceTree = "<group>"; };
		858935F82A9256DF00011D7F /* RecipeEditNameSectionView.swift */ = {isa = PBXFileReference; lastKnownFileType = sourcecode.swift; path = RecipeEditNameSectionView.swift; sourceTree = "<group>"; };
		858935FA2A92650F00011D7F /* RecipeEditMetaInformationSectionView.swift */ = {isa = PBXFileReference; lastKnownFileType = sourcecode.swift; path = RecipeEditMetaInformationSectionView.swift; sourceTree = "<group>"; };
		858935FC2A9265C200011D7F /* LayoutConstants.swift */ = {isa = PBXFileReference; lastKnownFileType = sourcecode.swift; path = LayoutConstants.swift; sourceTree = "<group>"; };
		858935FE2A92675300011D7F /* Colors.swift */ = {isa = PBXFileReference; lastKnownFileType = sourcecode.swift; path = Colors.swift; sourceTree = "<group>"; };
		858936002A9267AA00011D7F /* Colors.xcassets */ = {isa = PBXFileReference; lastKnownFileType = folder.assetcatalog; path = Colors.xcassets; sourceTree = "<group>"; };
		858978962BFF4462005176DC /* RecipeDetailTitleView.swift */ = {isa = PBXFileReference; lastKnownFileType = sourcecode.swift; path = RecipeDetailTitleView.swift; sourceTree = "<group>"; };
		858978982C026B4E005176DC /* RecipeAddStepCoordinator.swift */ = {isa = PBXFileReference; lastKnownFileType = sourcecode.swift; path = RecipeAddStepCoordinator.swift; sourceTree = "<group>"; };
		8592360E2ACABEF800015B41 /* RecipeHomeCoordinator.swift */ = {isa = PBXFileReference; lastKnownFileType = sourcecode.swift; path = RecipeHomeCoordinator.swift; sourceTree = "<group>"; };
		859236102ACACEE000015B41 /* RecipeMetainformationModel.swift */ = {isa = PBXFileReference; lastKnownFileType = sourcecode.swift; path = RecipeMetainformationModel.swift; sourceTree = "<group>"; };
		859236122ACAF63E00015B41 /* RecipeDetailCoordinator.swift */ = {isa = PBXFileReference; lastKnownFileType = sourcecode.swift; path = RecipeDetailCoordinator.swift; sourceTree = "<group>"; };
		859236152ACC0EED00015B41 /* RecipesDataSource.swift */ = {isa = PBXFileReference; lastKnownFileType = sourcecode.swift; path = RecipesDataSource.swift; sourceTree = "<group>"; };
		859236172ACC67BF00015B41 /* Coordinator+Protocol.swift */ = {isa = PBXFileReference; lastKnownFileType = sourcecode.swift; path = "Coordinator+Protocol.swift"; sourceTree = "<group>"; };
		8592E6F92B00F07A00200337 /* RecipeEditTitleImageSectionView.swift */ = {isa = PBXFileReference; lastKnownFileType = sourcecode.swift; path = RecipeEditTitleImageSectionView.swift; sourceTree = "<group>"; };
		85AFE78A2B53FE50001F4AE9 /* RecipeDetailStepsView.swift */ = {isa = PBXFileReference; lastKnownFileType = sourcecode.swift; path = RecipeDetailStepsView.swift; sourceTree = "<group>"; };
		85AFE78C2B542895001F4AE9 /* RecipeIngredientModel.swift */ = {isa = PBXFileReference; lastKnownFileType = sourcecode.swift; path = RecipeIngredientModel.swift; sourceTree = "<group>"; };
		85AFE78E2B542903001F4AE9 /* RecipeContentsIngredientView.swift */ = {isa = PBXFileReference; lastKnownFileType = sourcecode.swift; path = RecipeContentsIngredientView.swift; sourceTree = "<group>"; };
		85B8E28A2C7B1ECD0055AC6C /* RecipeEditStepView.swift */ = {isa = PBXFileReference; lastKnownFileType = sourcecode.swift; path = RecipeEditStepView.swift; sourceTree = "<group>"; };
		85BE2D0A2A951597001E3551 /* OneLineTitleCustomElementListCellView.swift */ = {isa = PBXFileReference; lastKnownFileType = sourcecode.swift; path = OneLineTitleCustomElementListCellView.swift; sourceTree = "<group>"; };
		85BE2D0C2A951AC1001E3551 /* IconLabelListCellView.swift */ = {isa = PBXFileReference; lastKnownFileType = sourcecode.swift; path = IconLabelListCellView.swift; sourceTree = "<group>"; };
		85BE2D0E2A951AF0001E3551 /* ListCellWrapperView.swift */ = {isa = PBXFileReference; lastKnownFileType = sourcecode.swift; path = ListCellWrapperView.swift; sourceTree = "<group>"; };
		85CA5B612AB4CFE300F33EB0 /* RecipeDetailView.swift */ = {isa = PBXFileReference; lastKnownFileType = sourcecode.swift; path = RecipeDetailView.swift; sourceTree = "<group>"; };
		85CA5B682AB4E07E00F33EB0 /* CameraView.swift */ = {isa = PBXFileReference; lastKnownFileType = sourcecode.swift; path = CameraView.swift; sourceTree = "<group>"; };
		85D479002B3DCCAA00C0472D /* FullScreenTransitionManager.swift */ = {isa = PBXFileReference; lastKnownFileType = sourcecode.swift; path = FullScreenTransitionManager.swift; sourceTree = "<group>"; };
		85D479022B3DCCF800C0472D /* FullScreenPresentationController.swift */ = {isa = PBXFileReference; lastKnownFileType = sourcecode.swift; path = FullScreenPresentationController.swift; sourceTree = "<group>"; };
		85D479042B3DCD4C00C0472D /* UIView+Extensions.swift */ = {isa = PBXFileReference; lastKnownFileType = sourcecode.swift; path = "UIView+Extensions.swift"; sourceTree = "<group>"; };
		85D479062B3DCF8600C0472D /* FullScreenAnimationController.swift */ = {isa = PBXFileReference; lastKnownFileType = sourcecode.swift; path = FullScreenAnimationController.swift; sourceTree = "<group>"; };
		85D479422B3F119E00C0472D /* SimpleParallaxHeaderView.swift */ = {isa = PBXFileReference; lastKnownFileType = sourcecode.swift; path = SimpleParallaxHeaderView.swift; sourceTree = "<group>"; };
		85D5583C2AB74B54006AE155 /* RecipeWebRepository.swift */ = {isa = PBXFileReference; lastKnownFileType = sourcecode.swift; path = RecipeWebRepository.swift; sourceTree = "<group>"; };
		85D5583E2AB74B84006AE155 /* RecipeRepository+Protocol.swift */ = {isa = PBXFileReference; lastKnownFileType = sourcecode.swift; path = "RecipeRepository+Protocol.swift"; sourceTree = "<group>"; };
		85D558402AB74C00006AE155 /* RecipeContentModel.swift */ = {isa = PBXFileReference; lastKnownFileType = sourcecode.swift; path = RecipeContentModel.swift; sourceTree = "<group>"; };
		85D558422AB75374006AE155 /* RecipeRepositoryUnitTests.swift */ = {isa = PBXFileReference; lastKnownFileType = sourcecode.swift; path = RecipeRepositoryUnitTests.swift; sourceTree = "<group>"; };
		85D558482AB7605B006AE155 /* RecipeStepModel.swift */ = {isa = PBXFileReference; lastKnownFileType = sourcecode.swift; path = RecipeStepModel.swift; sourceTree = "<group>"; };
		85D5584A2AB76147006AE155 /* LoadingDataView.swift */ = {isa = PBXFileReference; lastKnownFileType = sourcecode.swift; path = LoadingDataView.swift; sourceTree = "<group>"; };
		85E151372AED05A700FB55CC /* ParallaxHeaderView.swift */ = {isa = PBXFileReference; lastKnownFileType = sourcecode.swift; path = ParallaxHeaderView.swift; sourceTree = "<group>"; };
		85E1513D2AF2531D00FB55CC /* RecipeDetailHeaderView.swift */ = {isa = PBXFileReference; lastKnownFileType = sourcecode.swift; path = RecipeDetailHeaderView.swift; sourceTree = "<group>"; };
		85E151412AF25C4B00FB55CC /* SectionView.swift */ = {isa = PBXFileReference; lastKnownFileType = sourcecode.swift; path = SectionView.swift; sourceTree = "<group>"; };
		85E151432AF260D200FB55CC /* FillFrameViewModifier.swift */ = {isa = PBXFileReference; lastKnownFileType = sourcecode.swift; path = FillFrameViewModifier.swift; sourceTree = "<group>"; };
		85E151452AF262DF00FB55CC /* RecipeDetailAttachmentsView.swift */ = {isa = PBXFileReference; lastKnownFileType = sourcecode.swift; path = RecipeDetailAttachmentsView.swift; sourceTree = "<group>"; };
		85E151472AF2671600FB55CC /* RecipeDetailAttachmentImageView.swift */ = {isa = PBXFileReference; lastKnownFileType = sourcecode.swift; path = RecipeDetailAttachmentImageView.swift; sourceTree = "<group>"; };
		85E151492AF7B11A00FB55CC /* ImagePicker.swift */ = {isa = PBXFileReference; lastKnownFileType = sourcecode.swift; path = ImagePicker.swift; sourceTree = "<group>"; };
		85E21A2D2C7C713200E29A6E /* TextEditorWithPlaceholder.swift */ = {isa = PBXFileReference; lastKnownFileType = sourcecode.swift; path = TextEditorWithPlaceholder.swift; sourceTree = "<group>"; };
		85E665842B9DA4E1001DD882 /* Fonts.swift */ = {isa = PBXFileReference; lastKnownFileType = sourcecode.swift; path = Fonts.swift; sourceTree = "<group>"; };
		85E665872B9DA7BB001DD882 /* AbrilFatface-Regular.ttf */ = {isa = PBXFileReference; lastKnownFileType = file; path = "AbrilFatface-Regular.ttf"; sourceTree = "<group>"; };
		85E6658A2B9E3760001DD882 /* Geist-Bold.otf */ = {isa = PBXFileReference; lastKnownFileType = file; path = "Geist-Bold.otf"; sourceTree = "<group>"; };
		85E6658B2B9E3760001DD882 /* Geist-Light.otf */ = {isa = PBXFileReference; lastKnownFileType = file; path = "Geist-Light.otf"; sourceTree = "<group>"; };
		85E6658C2B9E3760001DD882 /* Geist-Black.otf */ = {isa = PBXFileReference; lastKnownFileType = file; path = "Geist-Black.otf"; sourceTree = "<group>"; };
		85E6658D2B9E3760001DD882 /* Geist-UltraBlack.otf */ = {isa = PBXFileReference; lastKnownFileType = file; path = "Geist-UltraBlack.otf"; sourceTree = "<group>"; };
		85E6658E2B9E3760001DD882 /* Geist-Regular.otf */ = {isa = PBXFileReference; lastKnownFileType = file; path = "Geist-Regular.otf"; sourceTree = "<group>"; };
		85E6658F2B9E3760001DD882 /* Geist-Thin.otf */ = {isa = PBXFileReference; lastKnownFileType = file; path = "Geist-Thin.otf"; sourceTree = "<group>"; };
		85E665902B9E3760001DD882 /* Geist-UltraLight.otf */ = {isa = PBXFileReference; lastKnownFileType = file; path = "Geist-UltraLight.otf"; sourceTree = "<group>"; };
		85E665912B9E3760001DD882 /* Geist-SemiBold.otf */ = {isa = PBXFileReference; lastKnownFileType = file; path = "Geist-SemiBold.otf"; sourceTree = "<group>"; };
		85E665922B9E3760001DD882 /* Geist-Medium.otf */ = {isa = PBXFileReference; lastKnownFileType = file; path = "Geist-Medium.otf"; sourceTree = "<group>"; };
		85E6659C2B9E37AF001DD882 /* StickyHeaderView.swift */ = {isa = PBXFileReference; lastKnownFileType = sourcecode.swift; path = StickyHeaderView.swift; sourceTree = "<group>"; };
		85FE69C22AFE936900CBE50E /* ImageResourceModel.swift */ = {isa = PBXFileReference; lastKnownFileType = sourcecode.swift; path = ImageResourceModel.swift; sourceTree = "<group>"; };
		85FE69C42AFE947E00CBE50E /* AttachmentLoaderView.swift */ = {isa = PBXFileReference; lastKnownFileType = sourcecode.swift; path = AttachmentLoaderView.swift; sourceTree = "<group>"; };
		85FE69C62AFE96B100CBE50E /* ResourcesDataSource.swift */ = {isa = PBXFileReference; lastKnownFileType = sourcecode.swift; path = ResourcesDataSource.swift; sourceTree = "<group>"; };
		85FE69C82AFEA35700CBE50E /* RecipeEditAttachmentSectionView.swift */ = {isa = PBXFileReference; lastKnownFileType = sourcecode.swift; path = RecipeEditAttachmentSectionView.swift; sourceTree = "<group>"; };
		85FE69CA2B00038E00CBE50E /* AddImageCoordinator.swift */ = {isa = PBXFileReference; lastKnownFileType = sourcecode.swift; path = AddImageCoordinator.swift; sourceTree = "<group>"; };
/* End PBXFileReference section */

/* Begin PBXFrameworksBuildPhase section */
		858935B62A90FEE200011D7F /* Frameworks */ = {
			isa = PBXFrameworksBuildPhase;
			buildActionMask = 2147483647;
			files = (
				851C7EC52B348B5E00CDD529 /* MSAL in Frameworks */,
			);
			runOnlyForDeploymentPostprocessing = 0;
		};
		858935C62A90FEE300011D7F /* Frameworks */ = {
			isa = PBXFrameworksBuildPhase;
			buildActionMask = 2147483647;
			files = (
				85D558462AB75591006AE155 /* Mockingbird in Frameworks */,
				850A4C572A9F8AC5009C68CB /* ViewInspector in Frameworks */,
			);
			runOnlyForDeploymentPostprocessing = 0;
		};
		858935D02A90FEE300011D7F /* Frameworks */ = {
			isa = PBXFrameworksBuildPhase;
			buildActionMask = 2147483647;
			files = (
			);
			runOnlyForDeploymentPostprocessing = 0;
		};
/* End PBXFrameworksBuildPhase section */

/* Begin PBXGroup section */
		852158962AAE129800A354F1 /* Mocks */ = {
			isa = PBXGroup;
			children = (
				852158992AAE12CD00A354F1 /* RecipeMock.json */,
			);
			path = Mocks;
			sourceTree = "<group>";
		};
		85279F3C2AA33BF10031067B /* Extensions */ = {
			isa = PBXGroup;
			children = (
				850A4C582AA0F0C1009C68CB /* View+Extensions.swift */,
				85D479042B3DCD4C00C0472D /* UIView+Extensions.swift */,
			);
			path = Extensions;
			sourceTree = "<group>";
		};
		85279F3D2AA33C390031067B /* Generic */ = {
			isa = PBXGroup;
			children = (
				85BE2D0E2A951AF0001E3551 /* ListCellWrapperView.swift */,
				855617742A9A36F300DD5877 /* ListSectionView.swift */,
				855617812A9B4F5400DD5877 /* TagView.swift */,
				855617882A9B53C500DD5877 /* ValueWithUnitInputFieldView.swift */,
				8556178A2A9B565D00DD5877 /* ValuePickerView.swift */,
				85BE2D0A2A951597001E3551 /* OneLineTitleCustomElementListCellView.swift */,
				85BE2D0C2A951AC1001E3551 /* IconLabelListCellView.swift */,
				858935EE2A92120400011D7F /* LabelButtonView.swift */,
				85279F402AA47EF60031067B /* IconFilledButtonView.swift */,
				857463A02ACFF3A900864AAA /* IconButtonView.swift */,
				85145C772AC1FC8900219D1D /* IconLabelFilledButtonView.swift */,
				85376D742AA4A439003CFEDB /* ImagePickerView.swift */,
				85D5584A2AB76147006AE155 /* LoadingDataView.swift */,
				85E151372AED05A700FB55CC /* ParallaxHeaderView.swift */,
				85E151412AF25C4B00FB55CC /* SectionView.swift */,
				85E151492AF7B11A00FB55CC /* ImagePicker.swift */,
				85FE69C42AFE947E00CBE50E /* AttachmentLoaderView.swift */,
				852DEEE22B398EB80097DA36 /* ZoomableScrollView.swift */,
				85D479422B3F119E00C0472D /* SimpleParallaxHeaderView.swift */,
				85E6659C2B9E37AF001DD882 /* StickyHeaderView.swift */,
				85E21A2D2C7C713200E29A6E /* TextEditorWithPlaceholder.swift */,
			);
			path = Generic;
			sourceTree = "<group>";
		};
		85376D772AA4BDB2003CFEDB /* Interactor */ = {
			isa = PBXGroup;
			children = (
				85376D782AA4BEED003CFEDB /* RecipeInteractor.swift */,
			);
			path = Interactor;
			sourceTree = "<group>";
		};
		85376D7A2AA4C70E003CFEDB /* Shared */ = {
			isa = PBXGroup;
			children = (
				85376D7B2AA4C71B003CFEDB /* DependencyInjection.swift */,
			);
			path = Shared;
			sourceTree = "<group>";
		};
		855617782A9A4A4F00DD5877 /* ViewModifiers */ = {
			isa = PBXGroup;
			children = (
				855617792A9A4A8900DD5877 /* DeleteSwipeGestureViewModifier.swift */,
				855617832A9B507200DD5877 /* ColorViewModifier.swift */,
				85279F442AA488540031067B /* HideViewModifier.swift */,
				85145C832AC74DF400219D1D /* ToolbarViewModifier.swift */,
				85E151432AF260D200FB55CC /* FillFrameViewModifier.swift */,
			);
			path = ViewModifiers;
			sourceTree = "<group>";
		};
		8556178C2A9B7B4D00DD5877 /* RecipeListing */ = {
			isa = PBXGroup;
			children = (
				8556178F2A9B7C8800DD5877 /* RecipeListingView.swift */,
				855617912A9B7CB600DD5877 /* RecipeCardView.swift */,
			);
			path = RecipeListing;
			sourceTree = "<group>";
		};
		856869892B20ED8900856E6F /* ImageDetail */ = {
			isa = PBXGroup;
			children = (
				8568698A2B20EDCD00856E6F /* ImageDetailView.swift */,
				856E230D2B3DC3A6000D32CD /* ImageFullScreenViewController.swift */,
				85D479002B3DCCAA00C0472D /* FullScreenTransitionManager.swift */,
				85D479022B3DCCF800C0472D /* FullScreenPresentationController.swift */,
				85D479062B3DCF8600C0472D /* FullScreenAnimationController.swift */,
			);
			path = ImageDetail;
			sourceTree = "<group>";
		};
		857463A42AD28B0100864AAA /* RecipeContentSelection */ = {
			isa = PBXGroup;
			children = (
				857463A52AD28B9300864AAA /* RecipeContentSelectionView.swift */,
			);
			path = RecipeContentSelection;
			sourceTree = "<group>";
		};
		857706132C246A4300138E72 /* RecipeContents */ = {
			isa = PBXGroup;
			children = (
				85AFE78E2B542903001F4AE9 /* RecipeContentsIngredientView.swift */,
				857706112C2461DC00138E72 /* RecipeContentsView.swift */,
			);
			path = RecipeContents;
			sourceTree = "<group>";
		};
		858935B02A90FEE200011D7F = {
			isa = PBXGroup;
			children = (
				858935BB2A90FEE200011D7F /* SmashedBook */,
				858935CC2A90FEE300011D7F /* SmashedBookTests */,
				858935D62A90FEE300011D7F /* SmashedBookUITests */,
				858935BA2A90FEE200011D7F /* Products */,
			);
			sourceTree = "<group>";
		};
		858935BA2A90FEE200011D7F /* Products */ = {
			isa = PBXGroup;
			children = (
				858935B92A90FEE200011D7F /* SmashedBook.app */,
				858935C92A90FEE300011D7F /* SmashedBookTests.xctest */,
				858935D32A90FEE300011D7F /* SmashedBookUITests.xctest */,
			);
			name = Products;
			sourceTree = "<group>";
		};
		858935BB2A90FEE200011D7F /* SmashedBook */ = {
			isa = PBXGroup;
			children = (
				851C7EC72B348BE700CDD529 /* Info.plist */,
				851C7EC62B348B7500CDD529 /* SmashedBook.entitlements */,
				858935BC2A90FEE200011D7F /* MealPlanApp.swift */,
				851C7ECA2B348D8400CDD529 /* LoginView.swift */,
				851C7EC82B348CFA00CDD529 /* AppDelegate.swift */,
				85D5583B2AB74B42006AE155 /* Repository */,
				85376D7A2AA4C70E003CFEDB /* Shared */,
				859236142ACC0EDE00015B41 /* DataSource */,
				85376D772AA4BDB2003CFEDB /* Interactor */,
				858935E62A910AFD00011D7F /* Model */,
				858935E92A92109900011D7F /* UserInterface */,
				858935C02A90FEE300011D7F /* Assets.xcassets */,
				858935C22A90FEE300011D7F /* PreviewContent */,
				857AD85C2A93E74900259579 /* TestView.swift */,
			);
			path = SmashedBook;
			sourceTree = "<group>";
		};
		858935C22A90FEE300011D7F /* PreviewContent */ = {
			isa = PBXGroup;
			children = (
				858935C32A90FEE300011D7F /* PreviewAssets.xcassets */,
			);
			path = PreviewContent;
			sourceTree = "<group>";
		};
		858935CC2A90FEE300011D7F /* SmashedBookTests */ = {
			isa = PBXGroup;
			children = (
				858935CD2A90FEE300011D7F /* MealPlanTests.swift */,
				852158942AAE113200A354F1 /* RecipeInteractorUnitTests.swift */,
				85D558422AB75374006AE155 /* RecipeRepositoryUnitTests.swift */,
			);
			path = SmashedBookTests;
			sourceTree = "<group>";
		};
		858935D62A90FEE300011D7F /* SmashedBookUITests */ = {
			isa = PBXGroup;
			children = (
				858935D72A90FEE300011D7F /* MealPlanUITests.swift */,
				858935D92A90FEE300011D7F /* MealPlanUITestsLaunchTests.swift */,
				855617932A9D242100DD5877 /* CreateNewRecipeUITest.swift */,
			);
			path = SmashedBookUITests;
			sourceTree = "<group>";
		};
		858935E62A910AFD00011D7F /* Model */ = {
			isa = PBXGroup;
			children = (
				852158962AAE129800A354F1 /* Mocks */,
				858935E72A910B0800011D7F /* RecipeModel.swift */,
				859236102ACACEE000015B41 /* RecipeMetainformationModel.swift */,
				85D558402AB74C00006AE155 /* RecipeContentModel.swift */,
				85D558482AB7605B006AE155 /* RecipeStepModel.swift */,
				85FE69C22AFE936900CBE50E /* ImageResourceModel.swift */,
				85AFE78C2B542895001F4AE9 /* RecipeIngredientModel.swift */,
				85802F332C2447D7001D8996 /* RecipeModel+RecipeValidator.swift */,
			);
			path = Model;
			sourceTree = "<group>";
		};
		858935E92A92109900011D7F /* UserInterface */ = {
			isa = PBXGroup;
			children = (
				858935F72A92565900011D7F /* Views */,
				8592360B2ACABEC800015B41 /* Coordinator */,
				85279F3C2AA33BF10031067B /* Extensions */,
				855617782A9A4A4F00DD5877 /* ViewModifiers */,
				858935ED2A92116900011D7F /* Shared */,
				852DEEDC2B3722360097DA36 /* CustomNavigationController.swift */,
			);
			path = UserInterface;
			sourceTree = "<group>";
		};
		858935ED2A92116900011D7F /* Shared */ = {
			isa = PBXGroup;
			children = (
				85E665862B9DA677001DD882 /* Fonts */,
				85802F352C245308001D8996 /* CodableImage.swift */,
				85145C7D2AC72BE900219D1D /* HapticFeedbackInteractor.swift */,
				855617862A9B511600DD5877 /* ColorGenerator.swift */,
				858935FC2A9265C200011D7F /* LayoutConstants.swift */,
				85145C7B2AC72AB100219D1D /* ButtonStyles.swift */,
				858935FE2A92675300011D7F /* Colors.swift */,
				858936002A9267AA00011D7F /* Colors.xcassets */,
			);
			path = Shared;
			sourceTree = "<group>";
		};
		858935F42A9255A700011D7F /* RecipeEdit */ = {
			isa = PBXGroup;
			children = (
				858935F52A9255D900011D7F /* RecipeEditView.swift */,
				858935F82A9256DF00011D7F /* RecipeEditNameSectionView.swift */,
				858935FA2A92650F00011D7F /* RecipeEditMetaInformationSectionView.swift */,
				855617762A9A48E800DD5877 /* RecipeEditContentSectionView.swift */,
				8556177B2A9A4D8C00DD5877 /* RecipeEditAttachmentPreviewListCellView.swift */,
				8521589B2AAF7FA200A354F1 /* RecipeEditDescriptionListCellView.swift */,
				85279F422AA480210031067B /* RecipeEditPortionCounterView.swift */,
				85FE69C82AFEA35700CBE50E /* RecipeEditAttachmentSectionView.swift */,
				8592E6F92B00F07A00200337 /* RecipeEditTitleImageSectionView.swift */,
				8517C6C02B542DC500780643 /* RecipeEditIngredientSectionView.swift */,
				8577060F2C245F5500138E72 /* RecipeEditContentsView.swift */,
			);
			path = RecipeEdit;
			sourceTree = "<group>";
		};
		858935F72A92565900011D7F /* Views */ = {
			isa = PBXGroup;
			children = (
				85B8E2892C7B1EBF0055AC6C /* RecipeEditStep */,
				857706132C246A4300138E72 /* RecipeContents */,
				856869892B20ED8900856E6F /* ImageDetail */,
				85CA5B672AB4E07100F33EB0 /* Camera */,
				85279F3D2AA33C390031067B /* Generic */,
				8556178C2A9B7B4D00DD5877 /* RecipeListing */,
				85CA5B632AB4CFE700F33EB0 /* RecipeDetail */,
				858935F42A9255A700011D7F /* RecipeEdit */,
				857463A42AD28B0100864AAA /* RecipeContentSelection */,
			);
			path = Views;
			sourceTree = "<group>";
		};
		8592360B2ACABEC800015B41 /* Coordinator */ = {
			isa = PBXGroup;
			children = (
				859236172ACC67BF00015B41 /* Coordinator+Protocol.swift */,
				852DEEE02B383EB20097DA36 /* RecipeNavigationCoordinator.swift */,
				8592360E2ACABEF800015B41 /* RecipeHomeCoordinator.swift */,
				859236122ACAF63E00015B41 /* RecipeDetailCoordinator.swift */,
				8574639E2ACF454300864AAA /* RecipeEditCoordinator.swift */,
				85FE69CA2B00038E00CBE50E /* AddImageCoordinator.swift */,
				852DEEE42B3999EF0097DA36 /* RecipeDetailInformationCoordinator.swift */,
				858978982C026B4E005176DC /* RecipeAddStepCoordinator.swift */,
			);
			path = Coordinator;
			sourceTree = "<group>";
		};
		859236142ACC0EDE00015B41 /* DataSource */ = {
			isa = PBXGroup;
			children = (
				859236152ACC0EED00015B41 /* RecipesDataSource.swift */,
				85FE69C62AFE96B100CBE50E /* ResourcesDataSource.swift */,
			);
			path = DataSource;
			sourceTree = "<group>";
		};
		85B8E2892C7B1EBF0055AC6C /* RecipeEditStep */ = {
			isa = PBXGroup;
			children = (
				85B8E28A2C7B1ECD0055AC6C /* RecipeEditStepView.swift */,
			);
			path = RecipeEditStep;
			sourceTree = "<group>";
		};
		85CA5B632AB4CFE700F33EB0 /* RecipeDetail */ = {
			isa = PBXGroup;
			children = (
				85CA5B612AB4CFE300F33EB0 /* RecipeDetailView.swift */,
				85E1513D2AF2531D00FB55CC /* RecipeDetailHeaderView.swift */,
				85E151452AF262DF00FB55CC /* RecipeDetailAttachmentsView.swift */,
				85E151472AF2671600FB55CC /* RecipeDetailAttachmentImageView.swift */,
				85AFE78A2B53FE50001F4AE9 /* RecipeDetailStepsView.swift */,
				858978962BFF4462005176DC /* RecipeDetailTitleView.swift */,
			);
			path = RecipeDetail;
			sourceTree = "<group>";
		};
		85CA5B672AB4E07100F33EB0 /* Camera */ = {
			isa = PBXGroup;
			children = (
				85CA5B682AB4E07E00F33EB0 /* CameraView.swift */,
			);
			path = Camera;
			sourceTree = "<group>";
		};
		85D5583B2AB74B42006AE155 /* Repository */ = {
			isa = PBXGroup;
			children = (
				85D5583C2AB74B54006AE155 /* RecipeWebRepository.swift */,
				85D5583E2AB74B84006AE155 /* RecipeRepository+Protocol.swift */,
			);
			path = Repository;
			sourceTree = "<group>";
		};
		85E665862B9DA677001DD882 /* Fonts */ = {
			isa = PBXGroup;
			children = (
				85E665892B9DA80F001DD882 /* project_fonts */,
				85E665842B9DA4E1001DD882 /* Fonts.swift */,
			);
			path = Fonts;
			sourceTree = "<group>";
		};
		85E665892B9DA80F001DD882 /* project_fonts */ = {
			isa = PBXGroup;
			children = (
				85E6658C2B9E3760001DD882 /* Geist-Black.otf */,
				85E6658A2B9E3760001DD882 /* Geist-Bold.otf */,
				85E6658B2B9E3760001DD882 /* Geist-Light.otf */,
				85E665922B9E3760001DD882 /* Geist-Medium.otf */,
				85E6658E2B9E3760001DD882 /* Geist-Regular.otf */,
				85E665912B9E3760001DD882 /* Geist-SemiBold.otf */,
				85E6658F2B9E3760001DD882 /* Geist-Thin.otf */,
				85E6658D2B9E3760001DD882 /* Geist-UltraBlack.otf */,
				85E665902B9E3760001DD882 /* Geist-UltraLight.otf */,
				85E665872B9DA7BB001DD882 /* AbrilFatface-Regular.ttf */,
			);
			path = project_fonts;
			sourceTree = "<group>";
		};
/* End PBXGroup section */

/* Begin PBXNativeTarget section */
		858935B82A90FEE200011D7F /* SmashedBook */ = {
			isa = PBXNativeTarget;
			buildConfigurationList = 858935DD2A90FEE300011D7F /* Build configuration list for PBXNativeTarget "SmashedBook" */;
			buildPhases = (
				858935B52A90FEE200011D7F /* Sources */,
				858935B62A90FEE200011D7F /* Frameworks */,
				858935B72A90FEE200011D7F /* Resources */,
			);
			buildRules = (
			);
			dependencies = (
			);
			name = SmashedBook;
			packageProductDependencies = (
				851C7EC42B348B5E00CDD529 /* MSAL */,
			);
			productName = MealPlan;
			productReference = 858935B92A90FEE200011D7F /* SmashedBook.app */;
			productType = "com.apple.product-type.application";
		};
		858935C82A90FEE300011D7F /* SmashedBookTests */ = {
			isa = PBXNativeTarget;
			buildConfigurationList = 858935E02A90FEE300011D7F /* Build configuration list for PBXNativeTarget "SmashedBookTests" */;
			buildPhases = (
				858935C52A90FEE300011D7F /* Sources */,
				858935C62A90FEE300011D7F /* Frameworks */,
				858935C72A90FEE300011D7F /* Resources */,
			);
			buildRules = (
			);
			dependencies = (
				858935CB2A90FEE300011D7F /* PBXTargetDependency */,
			);
			name = SmashedBookTests;
			packageProductDependencies = (
				850A4C562A9F8AC5009C68CB /* ViewInspector */,
				85D558452AB75591006AE155 /* Mockingbird */,
			);
			productName = MealPlanTests;
			productReference = 858935C92A90FEE300011D7F /* SmashedBookTests.xctest */;
			productType = "com.apple.product-type.bundle.unit-test";
		};
		858935D22A90FEE300011D7F /* SmashedBookUITests */ = {
			isa = PBXNativeTarget;
			buildConfigurationList = 858935E32A90FEE300011D7F /* Build configuration list for PBXNativeTarget "SmashedBookUITests" */;
			buildPhases = (
				858935CF2A90FEE300011D7F /* Sources */,
				858935D02A90FEE300011D7F /* Frameworks */,
				858935D12A90FEE300011D7F /* Resources */,
			);
			buildRules = (
			);
			dependencies = (
				858935D52A90FEE300011D7F /* PBXTargetDependency */,
			);
			name = SmashedBookUITests;
			productName = MealPlanUITests;
			productReference = 858935D32A90FEE300011D7F /* SmashedBookUITests.xctest */;
			productType = "com.apple.product-type.bundle.ui-testing";
		};
/* End PBXNativeTarget section */

/* Begin PBXProject section */
		858935B12A90FEE200011D7F /* Project object */ = {
			isa = PBXProject;
			attributes = {
				BuildIndependentTargetsInParallel = 1;
				LastSwiftUpdateCheck = 1430;
				LastUpgradeCheck = 1500;
				TargetAttributes = {
					858935B82A90FEE200011D7F = {
						CreatedOnToolsVersion = 14.3;
					};
					858935C82A90FEE300011D7F = {
						CreatedOnToolsVersion = 14.3;
						TestTargetID = 858935B82A90FEE200011D7F;
					};
					858935D22A90FEE300011D7F = {
						CreatedOnToolsVersion = 14.3;
						TestTargetID = 858935B82A90FEE200011D7F;
					};
				};
			};
			buildConfigurationList = 858935B42A90FEE200011D7F /* Build configuration list for PBXProject "SmashedBook" */;
			compatibilityVersion = "Xcode 14.0";
			developmentRegion = en;
			hasScannedForEncodings = 0;
			knownRegions = (
				en,
				Base,
			);
			mainGroup = 858935B02A90FEE200011D7F;
			packageReferences = (
				850A4C552A9F8AC5009C68CB /* XCRemoteSwiftPackageReference "ViewInspector" */,
				85D558442AB75591006AE155 /* XCRemoteSwiftPackageReference "mockingbird" */,
				851C7EC32B348B5E00CDD529 /* XCRemoteSwiftPackageReference "microsoft-authentication-library-for-objc" */,
			);
			productRefGroup = 858935BA2A90FEE200011D7F /* Products */;
			projectDirPath = "";
			projectRoot = "";
			targets = (
				858935B82A90FEE200011D7F /* SmashedBook */,
				858935C82A90FEE300011D7F /* SmashedBookTests */,
				858935D22A90FEE300011D7F /* SmashedBookUITests */,
			);
		};
/* End PBXProject section */

/* Begin PBXResourcesBuildPhase section */
		858935B72A90FEE200011D7F /* Resources */ = {
			isa = PBXResourcesBuildPhase;
			buildActionMask = 2147483647;
			files = (
				85E665982B9E3760001DD882 /* Geist-Thin.otf in Resources */,
				858936012A9267AA00011D7F /* Colors.xcassets in Resources */,
				85E665962B9E3760001DD882 /* Geist-UltraBlack.otf in Resources */,
				8521589A2AAE12CD00A354F1 /* RecipeMock.json in Resources */,
				858935C42A90FEE300011D7F /* PreviewAssets.xcassets in Resources */,
				85E665932B9E3760001DD882 /* Geist-Bold.otf in Resources */,
				85E665952B9E3760001DD882 /* Geist-Black.otf in Resources */,
				85E665882B9DA7BB001DD882 /* AbrilFatface-Regular.ttf in Resources */,
				85E6659A2B9E3760001DD882 /* Geist-SemiBold.otf in Resources */,
				85E665992B9E3760001DD882 /* Geist-UltraLight.otf in Resources */,
				858935C12A90FEE300011D7F /* Assets.xcassets in Resources */,
				85E6659B2B9E3760001DD882 /* Geist-Medium.otf in Resources */,
				85E665942B9E3760001DD882 /* Geist-Light.otf in Resources */,
				85E665972B9E3760001DD882 /* Geist-Regular.otf in Resources */,
			);
			runOnlyForDeploymentPostprocessing = 0;
		};
		858935C72A90FEE300011D7F /* Resources */ = {
			isa = PBXResourcesBuildPhase;
			buildActionMask = 2147483647;
			files = (
			);
			runOnlyForDeploymentPostprocessing = 0;
		};
		858935D12A90FEE300011D7F /* Resources */ = {
			isa = PBXResourcesBuildPhase;
			buildActionMask = 2147483647;
			files = (
			);
			runOnlyForDeploymentPostprocessing = 0;
		};
/* End PBXResourcesBuildPhase section */

/* Begin PBXSourcesBuildPhase section */
		858935B52A90FEE200011D7F /* Sources */ = {
			isa = PBXSourcesBuildPhase;
			buildActionMask = 2147483647;
			files = (
				85E151482AF2671600FB55CC /* RecipeDetailAttachmentImageView.swift in Sources */,
				85E21A2E2C7C713200E29A6E /* TextEditorWithPlaceholder.swift in Sources */,
				85E151422AF25C4B00FB55CC /* SectionView.swift in Sources */,
				85145C7C2AC72AB100219D1D /* ButtonStyles.swift in Sources */,
				85145C842AC74DF400219D1D /* ToolbarViewModifier.swift in Sources */,
				8574639F2ACF454300864AAA /* RecipeEditCoordinator.swift in Sources */,
				859236132ACAF63E00015B41 /* RecipeDetailCoordinator.swift in Sources */,
				85D479032B3DCCF800C0472D /* FullScreenPresentationController.swift in Sources */,
				85D479052B3DCD4C00C0472D /* UIView+Extensions.swift in Sources */,
				85BE2D0B2A951597001E3551 /* OneLineTitleCustomElementListCellView.swift in Sources */,
				85D479012B3DCCAA00C0472D /* FullScreenTransitionManager.swift in Sources */,
				85E151462AF262DF00FB55CC /* RecipeDetailAttachmentsView.swift in Sources */,
				851C7ECB2B348D8400CDD529 /* LoginView.swift in Sources */,
				85D5583F2AB74B84006AE155 /* RecipeRepository+Protocol.swift in Sources */,
				85E1513E2AF2531D00FB55CC /* RecipeDetailHeaderView.swift in Sources */,
				85AFE78F2B542903001F4AE9 /* RecipeContentsIngredientView.swift in Sources */,
				855617902A9B7C8800DD5877 /* RecipeListingView.swift in Sources */,
				8521589C2AAF7FA200A354F1 /* RecipeEditDescriptionListCellView.swift in Sources */,
				85E151382AED05A700FB55CC /* ParallaxHeaderView.swift in Sources */,
				858978992C026B4E005176DC /* RecipeAddStepCoordinator.swift in Sources */,
				8556177A2A9A4A8900DD5877 /* DeleteSwipeGestureViewModifier.swift in Sources */,
				855617842A9B507200DD5877 /* ColorViewModifier.swift in Sources */,
				85279F432AA480210031067B /* RecipeEditPortionCounterView.swift in Sources */,
				85AFE78D2B542895001F4AE9 /* RecipeIngredientModel.swift in Sources */,
				85CA5B622AB4CFE300F33EB0 /* RecipeDetailView.swift in Sources */,
				85802F362C245308001D8996 /* CodableImage.swift in Sources */,
				857AD85D2A93E74900259579 /* TestView.swift in Sources */,
				85279F412AA47EF60031067B /* IconFilledButtonView.swift in Sources */,
				858935FD2A9265C200011D7F /* LayoutConstants.swift in Sources */,
				85BE2D0D2A951AC1001E3551 /* IconLabelListCellView.swift in Sources */,
				852DEEE32B398EB80097DA36 /* ZoomableScrollView.swift in Sources */,
				8556178B2A9B565D00DD5877 /* ValuePickerView.swift in Sources */,
				85D479432B3F119E00C0472D /* SimpleParallaxHeaderView.swift in Sources */,
				855617772A9A48E800DD5877 /* RecipeEditContentSectionView.swift in Sources */,
				85E1514A2AF7B11A00FB55CC /* ImagePicker.swift in Sources */,
				85376D752AA4A439003CFEDB /* ImagePickerView.swift in Sources */,
				850A4C592AA0F0C1009C68CB /* View+Extensions.swift in Sources */,
				85FE69C72AFE96B100CBE50E /* ResourcesDataSource.swift in Sources */,
				855617872A9B511600DD5877 /* ColorGenerator.swift in Sources */,
				85D558412AB74C00006AE155 /* RecipeContentModel.swift in Sources */,
				858935FF2A92675300011D7F /* Colors.swift in Sources */,
				858935EF2A92120400011D7F /* LabelButtonView.swift in Sources */,
				858935BD2A90FEE200011D7F /* MealPlanApp.swift in Sources */,
				85E665852B9DA4E1001DD882 /* Fonts.swift in Sources */,
				85B8E28B2C7B1ECD0055AC6C /* RecipeEditStepView.swift in Sources */,
				85145C782AC1FC8900219D1D /* IconLabelFilledButtonView.swift in Sources */,
				85376D792AA4BEED003CFEDB /* RecipeInteractor.swift in Sources */,
				85376D7C2AA4C71B003CFEDB /* DependencyInjection.swift in Sources */,
				8592E6FA2B00F07A00200337 /* RecipeEditTitleImageSectionView.swift in Sources */,
				85D558492AB7605B006AE155 /* RecipeStepModel.swift in Sources */,
				8568698B2B20EDCD00856E6F /* ImageDetailView.swift in Sources */,
				8592360F2ACABEF800015B41 /* RecipeHomeCoordinator.swift in Sources */,
				85FE69CB2B00038E00CBE50E /* AddImageCoordinator.swift in Sources */,
				85CA5B692AB4E07E00F33EB0 /* CameraView.swift in Sources */,
				85FE69C92AFEA35700CBE50E /* RecipeEditAttachmentSectionView.swift in Sources */,
				852DEEE12B383EB20097DA36 /* RecipeNavigationCoordinator.swift in Sources */,
				85145C7E2AC72BE900219D1D /* HapticFeedbackInteractor.swift in Sources */,
				851C7EC92B348CFA00CDD529 /* AppDelegate.swift in Sources */,
				855617822A9B4F5400DD5877 /* TagView.swift in Sources */,
				855617922A9B7CB600DD5877 /* RecipeCardView.swift in Sources */,
				85279F452AA488540031067B /* HideViewModifier.swift in Sources */,
				858978972BFF4462005176DC /* RecipeDetailTitleView.swift in Sources */,
				857706102C245F5500138E72 /* RecipeEditContentsView.swift in Sources */,
				852DEEE52B3999EF0097DA36 /* RecipeDetailInformationCoordinator.swift in Sources */,
				858935E82A910B0800011D7F /* RecipeModel.swift in Sources */,
				856E230E2B3DC3A6000D32CD /* ImageFullScreenViewController.swift in Sources */,
				859236182ACC67BF00015B41 /* Coordinator+Protocol.swift in Sources */,
				858935FB2A92650F00011D7F /* RecipeEditMetaInformationSectionView.swift in Sources */,
				852DEEDD2B3722360097DA36 /* CustomNavigationController.swift in Sources */,
				855617892A9B53C500DD5877 /* ValueWithUnitInputFieldView.swift in Sources */,
				85FE69C52AFE947E00CBE50E /* AttachmentLoaderView.swift in Sources */,
				85E6659D2B9E37AF001DD882 /* StickyHeaderView.swift in Sources */,
				857463A62AD28B9300864AAA /* RecipeContentSelectionView.swift in Sources */,
				85BE2D0F2A951AF0001E3551 /* ListCellWrapperView.swift in Sources */,
				85AFE78B2B53FE50001F4AE9 /* RecipeDetailStepsView.swift in Sources */,
				855617752A9A36F300DD5877 /* ListSectionView.swift in Sources */,
				858935F62A9255D900011D7F /* RecipeEditView.swift in Sources */,
				859236162ACC0EED00015B41 /* RecipesDataSource.swift in Sources */,
				857706122C2461DC00138E72 /* RecipeContentsView.swift in Sources */,
				859236112ACACEE000015B41 /* RecipeMetainformationModel.swift in Sources */,
				8517C6C12B542DC500780643 /* RecipeEditIngredientSectionView.swift in Sources */,
				85802F342C2447D7001D8996 /* RecipeModel+RecipeValidator.swift in Sources */,
				857463A12ACFF3A900864AAA /* IconButtonView.swift in Sources */,
				85FE69C32AFE936900CBE50E /* ImageResourceModel.swift in Sources */,
				858935F92A9256DF00011D7F /* RecipeEditNameSectionView.swift in Sources */,
				85D5584B2AB76147006AE155 /* LoadingDataView.swift in Sources */,
				8556177C2A9A4D8C00DD5877 /* RecipeEditAttachmentPreviewListCellView.swift in Sources */,
				85D479072B3DCF8600C0472D /* FullScreenAnimationController.swift in Sources */,
				85D5583D2AB74B54006AE155 /* RecipeWebRepository.swift in Sources */,
				85E151442AF260D200FB55CC /* FillFrameViewModifier.swift in Sources */,
			);
			runOnlyForDeploymentPostprocessing = 0;
		};
		858935C52A90FEE300011D7F /* Sources */ = {
			isa = PBXSourcesBuildPhase;
			buildActionMask = 2147483647;
			files = (
				85D558432AB75374006AE155 /* RecipeRepositoryUnitTests.swift in Sources */,
				852158952AAE113200A354F1 /* RecipeInteractorUnitTests.swift in Sources */,
				858935CE2A90FEE300011D7F /* MealPlanTests.swift in Sources */,
			);
			runOnlyForDeploymentPostprocessing = 0;
		};
		858935CF2A90FEE300011D7F /* Sources */ = {
			isa = PBXSourcesBuildPhase;
			buildActionMask = 2147483647;
			files = (
				855617942A9D242100DD5877 /* CreateNewRecipeUITest.swift in Sources */,
				858935DA2A90FEE300011D7F /* MealPlanUITestsLaunchTests.swift in Sources */,
				858935D82A90FEE300011D7F /* MealPlanUITests.swift in Sources */,
			);
			runOnlyForDeploymentPostprocessing = 0;
		};
/* End PBXSourcesBuildPhase section */

/* Begin PBXTargetDependency section */
		858935CB2A90FEE300011D7F /* PBXTargetDependency */ = {
			isa = PBXTargetDependency;
			target = 858935B82A90FEE200011D7F /* SmashedBook */;
			targetProxy = 858935CA2A90FEE300011D7F /* PBXContainerItemProxy */;
		};
		858935D52A90FEE300011D7F /* PBXTargetDependency */ = {
			isa = PBXTargetDependency;
			target = 858935B82A90FEE200011D7F /* SmashedBook */;
			targetProxy = 858935D42A90FEE300011D7F /* PBXContainerItemProxy */;
		};
/* End PBXTargetDependency section */

/* Begin XCBuildConfiguration section */
		858935DB2A90FEE300011D7F /* Debug */ = {
			isa = XCBuildConfiguration;
			buildSettings = {
				ALWAYS_SEARCH_USER_PATHS = NO;
				CLANG_ANALYZER_NONNULL = YES;
				CLANG_ANALYZER_NUMBER_OBJECT_CONVERSION = YES_AGGRESSIVE;
				CLANG_CXX_LANGUAGE_STANDARD = "gnu++20";
				CLANG_ENABLE_MODULES = YES;
				CLANG_ENABLE_OBJC_ARC = YES;
				CLANG_ENABLE_OBJC_WEAK = YES;
				CLANG_WARN_BLOCK_CAPTURE_AUTORELEASING = YES;
				CLANG_WARN_BOOL_CONVERSION = YES;
				CLANG_WARN_COMMA = YES;
				CLANG_WARN_CONSTANT_CONVERSION = YES;
				CLANG_WARN_DEPRECATED_OBJC_IMPLEMENTATIONS = YES;
				CLANG_WARN_DIRECT_OBJC_ISA_USAGE = YES_ERROR;
				CLANG_WARN_DOCUMENTATION_COMMENTS = YES;
				CLANG_WARN_EMPTY_BODY = YES;
				CLANG_WARN_ENUM_CONVERSION = YES;
				CLANG_WARN_INFINITE_RECURSION = YES;
				CLANG_WARN_INT_CONVERSION = YES;
				CLANG_WARN_NON_LITERAL_NULL_CONVERSION = YES;
				CLANG_WARN_OBJC_IMPLICIT_RETAIN_SELF = YES;
				CLANG_WARN_OBJC_LITERAL_CONVERSION = YES;
				CLANG_WARN_OBJC_ROOT_CLASS = YES_ERROR;
				CLANG_WARN_QUOTED_INCLUDE_IN_FRAMEWORK_HEADER = YES;
				CLANG_WARN_RANGE_LOOP_ANALYSIS = YES;
				CLANG_WARN_STRICT_PROTOTYPES = YES;
				CLANG_WARN_SUSPICIOUS_MOVE = YES;
				CLANG_WARN_UNGUARDED_AVAILABILITY = YES_AGGRESSIVE;
				CLANG_WARN_UNREACHABLE_CODE = YES;
				CLANG_WARN__DUPLICATE_METHOD_MATCH = YES;
				COPY_PHASE_STRIP = NO;
				DEBUG_INFORMATION_FORMAT = dwarf;
				ENABLE_STRICT_OBJC_MSGSEND = YES;
				ENABLE_TESTABILITY = YES;
				ENABLE_USER_SCRIPT_SANDBOXING = YES;
				GCC_C_LANGUAGE_STANDARD = gnu11;
				GCC_DYNAMIC_NO_PIC = NO;
				GCC_NO_COMMON_BLOCKS = YES;
				GCC_OPTIMIZATION_LEVEL = 0;
				GCC_PREPROCESSOR_DEFINITIONS = (
					"DEBUG=1",
					"$(inherited)",
				);
				GCC_WARN_64_TO_32_BIT_CONVERSION = YES;
				GCC_WARN_ABOUT_RETURN_TYPE = YES_ERROR;
				GCC_WARN_UNDECLARED_SELECTOR = YES;
				GCC_WARN_UNINITIALIZED_AUTOS = YES_AGGRESSIVE;
				GCC_WARN_UNUSED_FUNCTION = YES;
				GCC_WARN_UNUSED_VARIABLE = YES;
				IPHONEOS_DEPLOYMENT_TARGET = 17.0;
				MTL_ENABLE_DEBUG_INFO = INCLUDE_SOURCE;
				MTL_FAST_MATH = YES;
				ONLY_ACTIVE_ARCH = YES;
				SDKROOT = iphoneos;
				SWIFT_ACTIVE_COMPILATION_CONDITIONS = DEBUG;
				SWIFT_OPTIMIZATION_LEVEL = "-Onone";
			};
			name = Debug;
		};
		858935DC2A90FEE300011D7F /* Release */ = {
			isa = XCBuildConfiguration;
			buildSettings = {
				ALWAYS_SEARCH_USER_PATHS = NO;
				CLANG_ANALYZER_NONNULL = YES;
				CLANG_ANALYZER_NUMBER_OBJECT_CONVERSION = YES_AGGRESSIVE;
				CLANG_CXX_LANGUAGE_STANDARD = "gnu++20";
				CLANG_ENABLE_MODULES = YES;
				CLANG_ENABLE_OBJC_ARC = YES;
				CLANG_ENABLE_OBJC_WEAK = YES;
				CLANG_WARN_BLOCK_CAPTURE_AUTORELEASING = YES;
				CLANG_WARN_BOOL_CONVERSION = YES;
				CLANG_WARN_COMMA = YES;
				CLANG_WARN_CONSTANT_CONVERSION = YES;
				CLANG_WARN_DEPRECATED_OBJC_IMPLEMENTATIONS = YES;
				CLANG_WARN_DIRECT_OBJC_ISA_USAGE = YES_ERROR;
				CLANG_WARN_DOCUMENTATION_COMMENTS = YES;
				CLANG_WARN_EMPTY_BODY = YES;
				CLANG_WARN_ENUM_CONVERSION = YES;
				CLANG_WARN_INFINITE_RECURSION = YES;
				CLANG_WARN_INT_CONVERSION = YES;
				CLANG_WARN_NON_LITERAL_NULL_CONVERSION = YES;
				CLANG_WARN_OBJC_IMPLICIT_RETAIN_SELF = YES;
				CLANG_WARN_OBJC_LITERAL_CONVERSION = YES;
				CLANG_WARN_OBJC_ROOT_CLASS = YES_ERROR;
				CLANG_WARN_QUOTED_INCLUDE_IN_FRAMEWORK_HEADER = YES;
				CLANG_WARN_RANGE_LOOP_ANALYSIS = YES;
				CLANG_WARN_STRICT_PROTOTYPES = YES;
				CLANG_WARN_SUSPICIOUS_MOVE = YES;
				CLANG_WARN_UNGUARDED_AVAILABILITY = YES_AGGRESSIVE;
				CLANG_WARN_UNREACHABLE_CODE = YES;
				CLANG_WARN__DUPLICATE_METHOD_MATCH = YES;
				COPY_PHASE_STRIP = NO;
				DEBUG_INFORMATION_FORMAT = "dwarf-with-dsym";
				ENABLE_NS_ASSERTIONS = NO;
				ENABLE_STRICT_OBJC_MSGSEND = YES;
				ENABLE_USER_SCRIPT_SANDBOXING = YES;
				GCC_C_LANGUAGE_STANDARD = gnu11;
				GCC_NO_COMMON_BLOCKS = YES;
				GCC_WARN_64_TO_32_BIT_CONVERSION = YES;
				GCC_WARN_ABOUT_RETURN_TYPE = YES_ERROR;
				GCC_WARN_UNDECLARED_SELECTOR = YES;
				GCC_WARN_UNINITIALIZED_AUTOS = YES_AGGRESSIVE;
				GCC_WARN_UNUSED_FUNCTION = YES;
				GCC_WARN_UNUSED_VARIABLE = YES;
				IPHONEOS_DEPLOYMENT_TARGET = 17.0;
				MTL_ENABLE_DEBUG_INFO = NO;
				MTL_FAST_MATH = YES;
				SDKROOT = iphoneos;
				SWIFT_COMPILATION_MODE = wholemodule;
				SWIFT_OPTIMIZATION_LEVEL = "-O";
				VALIDATE_PRODUCT = YES;
			};
			name = Release;
		};
		858935DE2A90FEE300011D7F /* Debug */ = {
			isa = XCBuildConfiguration;
			buildSettings = {
				ASSETCATALOG_COMPILER_APPICON_NAME = AppIcon;
				ASSETCATALOG_COMPILER_GLOBAL_ACCENT_COLOR_NAME = AccentColor;
				CODE_SIGN_ENTITLEMENTS = SmashedBook/SmashedBook.entitlements;
				CODE_SIGN_IDENTITY = "Apple Development";
				CODE_SIGN_STYLE = Automatic;
				CURRENT_PROJECT_VERSION = 1;
				DEVELOPMENT_ASSET_PATHS = SmashedBook/PreviewContent;
				DEVELOPMENT_TEAM = YP55X74PC3;
				ENABLE_PREVIEWS = YES;
				GENERATE_INFOPLIST_FILE = YES;
				INFOPLIST_FILE = SmashedBook/Info.plist;
				INFOPLIST_KEY_CFBundleDisplayName = SmashedBook;
				INFOPLIST_KEY_LSApplicationCategoryType = "public.app-category.food-and-drink";
				INFOPLIST_KEY_NSCameraUsageDescription = "This should be a description";
				INFOPLIST_KEY_UIApplicationSceneManifest_Generation = YES;
				INFOPLIST_KEY_UIApplicationSupportsIndirectInputEvents = YES;
				INFOPLIST_KEY_UILaunchScreen_Generation = YES;
				INFOPLIST_KEY_UISupportedInterfaceOrientations = UIInterfaceOrientationPortrait;
				INFOPLIST_KEY_UISupportedInterfaceOrientations_iPad = "UIInterfaceOrientationLandscapeLeft UIInterfaceOrientationLandscapeRight UIInterfaceOrientationPortrait UIInterfaceOrientationPortraitUpsideDown";
				INFOPLIST_KEY_UIUserInterfaceStyle = Light;
				IPHONEOS_DEPLOYMENT_TARGET = 18.0;
				LD_RUNPATH_SEARCH_PATHS = (
					"$(inherited)",
					"@executable_path/Frameworks",
				);
				MARKETING_VERSION = 0.1;
				PRODUCT_BUNDLE_IDENTIFIER = de.niklasschildhauer.smashedbook;
				PRODUCT_NAME = "$(TARGET_NAME)";
				PROVISIONING_PROFILE_SPECIFIER = "";
				SUPPORTED_PLATFORMS = "iphoneos iphonesimulator";
				SUPPORTS_MACCATALYST = NO;
				SUPPORTS_XR_DESIGNED_FOR_IPHONE_IPAD = NO;
				SWIFT_EMIT_LOC_STRINGS = YES;
				SWIFT_VERSION = 5.0;
				TARGETED_DEVICE_FAMILY = "1,2";
			};
			name = Debug;
		};
		858935DF2A90FEE300011D7F /* Release */ = {
			isa = XCBuildConfiguration;
			buildSettings = {
				ASSETCATALOG_COMPILER_APPICON_NAME = AppIcon;
				ASSETCATALOG_COMPILER_GLOBAL_ACCENT_COLOR_NAME = AccentColor;
				CODE_SIGN_ENTITLEMENTS = SmashedBook/SmashedBook.entitlements;
				CODE_SIGN_IDENTITY = "Apple Development";
				CODE_SIGN_STYLE = Automatic;
				CURRENT_PROJECT_VERSION = 1;
				DEVELOPMENT_ASSET_PATHS = SmashedBook/PreviewContent;
				DEVELOPMENT_TEAM = YP55X74PC3;
				ENABLE_PREVIEWS = YES;
				GENERATE_INFOPLIST_FILE = YES;
				INFOPLIST_FILE = SmashedBook/Info.plist;
				INFOPLIST_KEY_CFBundleDisplayName = SmashedBook;
				INFOPLIST_KEY_LSApplicationCategoryType = "public.app-category.food-and-drink";
				INFOPLIST_KEY_NSCameraUsageDescription = "This should be a description";
				INFOPLIST_KEY_UIApplicationSceneManifest_Generation = YES;
				INFOPLIST_KEY_UIApplicationSupportsIndirectInputEvents = YES;
				INFOPLIST_KEY_UILaunchScreen_Generation = YES;
				INFOPLIST_KEY_UISupportedInterfaceOrientations = UIInterfaceOrientationPortrait;
				INFOPLIST_KEY_UISupportedInterfaceOrientations_iPad = "UIInterfaceOrientationLandscapeLeft UIInterfaceOrientationLandscapeRight UIInterfaceOrientationPortrait UIInterfaceOrientationPortraitUpsideDown";
				INFOPLIST_KEY_UIUserInterfaceStyle = Light;
				IPHONEOS_DEPLOYMENT_TARGET = 18.0;
				LD_RUNPATH_SEARCH_PATHS = (
					"$(inherited)",
					"@executable_path/Frameworks",
				);
				MARKETING_VERSION = 0.1;
				PRODUCT_BUNDLE_IDENTIFIER = de.niklasschildhauer.smashedbook;
				PRODUCT_NAME = "$(TARGET_NAME)";
				PROVISIONING_PROFILE_SPECIFIER = "";
				SUPPORTED_PLATFORMS = "iphoneos iphonesimulator";
				SUPPORTS_MACCATALYST = NO;
				SUPPORTS_XR_DESIGNED_FOR_IPHONE_IPAD = NO;
				SWIFT_EMIT_LOC_STRINGS = YES;
				SWIFT_VERSION = 5.0;
				TARGETED_DEVICE_FAMILY = "1,2";
			};
			name = Release;
		};
		858935E12A90FEE300011D7F /* Debug */ = {
			isa = XCBuildConfiguration;
			buildSettings = {
				ALWAYS_EMBED_SWIFT_STANDARD_LIBRARIES = YES;
				BUNDLE_LOADER = "$(TEST_HOST)";
				CODE_SIGN_STYLE = Automatic;
				CURRENT_PROJECT_VERSION = 1;
				DEVELOPMENT_TEAM = YP55X74PC3;
				GENERATE_INFOPLIST_FILE = YES;
				IPHONEOS_DEPLOYMENT_TARGET = 17.0;
				MARKETING_VERSION = 1.0;
				PRODUCT_BUNDLE_IDENTIFIER = de.niklasschildhauer.MealPlanTests;
				PRODUCT_NAME = "$(TARGET_NAME)";
				SWIFT_EMIT_LOC_STRINGS = NO;
				SWIFT_VERSION = 5.0;
				TARGETED_DEVICE_FAMILY = "1,2";
				TEST_HOST = "$(BUILT_PRODUCTS_DIR)/SmashedBook.app/$(BUNDLE_EXECUTABLE_FOLDER_PATH)/SmashedBook";
			};
			name = Debug;
		};
		858935E22A90FEE300011D7F /* Release */ = {
			isa = XCBuildConfiguration;
			buildSettings = {
				ALWAYS_EMBED_SWIFT_STANDARD_LIBRARIES = YES;
				BUNDLE_LOADER = "$(TEST_HOST)";
				CODE_SIGN_STYLE = Automatic;
				CURRENT_PROJECT_VERSION = 1;
				DEVELOPMENT_TEAM = YP55X74PC3;
				GENERATE_INFOPLIST_FILE = YES;
				IPHONEOS_DEPLOYMENT_TARGET = 17.0;
				MARKETING_VERSION = 1.0;
				PRODUCT_BUNDLE_IDENTIFIER = de.niklasschildhauer.MealPlanTests;
				PRODUCT_NAME = "$(TARGET_NAME)";
				SWIFT_EMIT_LOC_STRINGS = NO;
				SWIFT_VERSION = 5.0;
				TARGETED_DEVICE_FAMILY = "1,2";
				TEST_HOST = "$(BUILT_PRODUCTS_DIR)/SmashedBook.app/$(BUNDLE_EXECUTABLE_FOLDER_PATH)/SmashedBook";
			};
			name = Release;
		};
		858935E42A90FEE300011D7F /* Debug */ = {
			isa = XCBuildConfiguration;
			buildSettings = {
				ALWAYS_EMBED_SWIFT_STANDARD_LIBRARIES = YES;
				CODE_SIGN_STYLE = Automatic;
				CURRENT_PROJECT_VERSION = 1;
				DEVELOPMENT_TEAM = YP55X74PC3;
				GENERATE_INFOPLIST_FILE = YES;
				MARKETING_VERSION = 1.0;
				PRODUCT_BUNDLE_IDENTIFIER = de.niklasschildhauer.MealPlanUITests;
				PRODUCT_NAME = "$(TARGET_NAME)";
				SWIFT_EMIT_LOC_STRINGS = NO;
				SWIFT_VERSION = 5.0;
				TARGETED_DEVICE_FAMILY = "1,2";
				TEST_TARGET_NAME = MealPlan;
			};
			name = Debug;
		};
		858935E52A90FEE300011D7F /* Release */ = {
			isa = XCBuildConfiguration;
			buildSettings = {
				ALWAYS_EMBED_SWIFT_STANDARD_LIBRARIES = YES;
				CODE_SIGN_STYLE = Automatic;
				CURRENT_PROJECT_VERSION = 1;
				DEVELOPMENT_TEAM = YP55X74PC3;
				GENERATE_INFOPLIST_FILE = YES;
				MARKETING_VERSION = 1.0;
				PRODUCT_BUNDLE_IDENTIFIER = de.niklasschildhauer.MealPlanUITests;
				PRODUCT_NAME = "$(TARGET_NAME)";
				SWIFT_EMIT_LOC_STRINGS = NO;
				SWIFT_VERSION = 5.0;
				TARGETED_DEVICE_FAMILY = "1,2";
				TEST_TARGET_NAME = MealPlan;
			};
			name = Release;
		};
/* End XCBuildConfiguration section */

/* Begin XCConfigurationList section */
		858935B42A90FEE200011D7F /* Build configuration list for PBXProject "SmashedBook" */ = {
			isa = XCConfigurationList;
			buildConfigurations = (
				858935DB2A90FEE300011D7F /* Debug */,
				858935DC2A90FEE300011D7F /* Release */,
			);
			defaultConfigurationIsVisible = 0;
			defaultConfigurationName = Release;
		};
		858935DD2A90FEE300011D7F /* Build configuration list for PBXNativeTarget "SmashedBook" */ = {
			isa = XCConfigurationList;
			buildConfigurations = (
				858935DE2A90FEE300011D7F /* Debug */,
				858935DF2A90FEE300011D7F /* Release */,
			);
			defaultConfigurationIsVisible = 0;
			defaultConfigurationName = Release;
		};
		858935E02A90FEE300011D7F /* Build configuration list for PBXNativeTarget "SmashedBookTests" */ = {
			isa = XCConfigurationList;
			buildConfigurations = (
				858935E12A90FEE300011D7F /* Debug */,
				858935E22A90FEE300011D7F /* Release */,
			);
			defaultConfigurationIsVisible = 0;
			defaultConfigurationName = Release;
		};
		858935E32A90FEE300011D7F /* Build configuration list for PBXNativeTarget "SmashedBookUITests" */ = {
			isa = XCConfigurationList;
			buildConfigurations = (
				858935E42A90FEE300011D7F /* Debug */,
				858935E52A90FEE300011D7F /* Release */,
			);
			defaultConfigurationIsVisible = 0;
			defaultConfigurationName = Release;
		};
/* End XCConfigurationList section */

/* Begin XCRemoteSwiftPackageReference section */
		850A4C552A9F8AC5009C68CB /* XCRemoteSwiftPackageReference "ViewInspector" */ = {
			isa = XCRemoteSwiftPackageReference;
			repositoryURL = "https://github.com/nalexn/ViewInspector";
			requirement = {
				kind = upToNextMajorVersion;
				minimumVersion = 0.9.7;
			};
		};
		851C7EC32B348B5E00CDD529 /* XCRemoteSwiftPackageReference "microsoft-authentication-library-for-objc" */ = {
			isa = XCRemoteSwiftPackageReference;
			repositoryURL = "https://github.com/AzureAD/microsoft-authentication-library-for-objc.git";
			requirement = {
				kind = upToNextMajorVersion;
				minimumVersion = 1.2.20;
			};
		};
		85D558442AB75591006AE155 /* XCRemoteSwiftPackageReference "mockingbird" */ = {
			isa = XCRemoteSwiftPackageReference;
			repositoryURL = "https://github.com/birdrides/mockingbird";
			requirement = {
				kind = upToNextMajorVersion;
				minimumVersion = 0.20.0;
			};
		};
/* End XCRemoteSwiftPackageReference section */

/* Begin XCSwiftPackageProductDependency section */
		850A4C562A9F8AC5009C68CB /* ViewInspector */ = {
			isa = XCSwiftPackageProductDependency;
			package = 850A4C552A9F8AC5009C68CB /* XCRemoteSwiftPackageReference "ViewInspector" */;
			productName = ViewInspector;
		};
		851C7EC42B348B5E00CDD529 /* MSAL */ = {
			isa = XCSwiftPackageProductDependency;
			package = 851C7EC32B348B5E00CDD529 /* XCRemoteSwiftPackageReference "microsoft-authentication-library-for-objc" */;
			productName = MSAL;
		};
		85D558452AB75591006AE155 /* Mockingbird */ = {
			isa = XCSwiftPackageProductDependency;
			package = 85D558442AB75591006AE155 /* XCRemoteSwiftPackageReference "mockingbird" */;
			productName = Mockingbird;
		};
/* End XCSwiftPackageProductDependency section */
	};
	rootObject = 858935B12A90FEE200011D7F /* Project object */;
}
