// !$*UTF8*$!
{
	archiveVersion = 1;
	classes = {
	};
	objectVersion = 56;
	objects = {

/* Begin PBXBuildFile section */
		850A4C572A9F8AC5009C68CB /* ViewInspector in Frameworks */ = {isa = PBXBuildFile; productRef = 850A4C562A9F8AC5009C68CB /* ViewInspector */; };
		850A4C592AA0F0C1009C68CB /* View+Extensions.swift in Sources */ = {isa = PBXBuildFile; fileRef = 850A4C582AA0F0C1009C68CB /* View+Extensions.swift */; };
		855617752A9A36F300DD5877 /* ListSectionView.swift in Sources */ = {isa = PBXBuildFile; fileRef = 855617742A9A36F300DD5877 /* ListSectionView.swift */; };
		855617772A9A48E800DD5877 /* EditRecipeContentSectionView.swift in Sources */ = {isa = PBXBuildFile; fileRef = 855617762A9A48E800DD5877 /* EditRecipeContentSectionView.swift */; };
		8556177A2A9A4A8900DD5877 /* DeleteSwipeGestureViewModifier.swift in Sources */ = {isa = PBXBuildFile; fileRef = 855617792A9A4A8900DD5877 /* DeleteSwipeGestureViewModifier.swift */; };
		8556177C2A9A4D8C00DD5877 /* EditRecipeImageListCellView.swift in Sources */ = {isa = PBXBuildFile; fileRef = 8556177B2A9A4D8C00DD5877 /* EditRecipeImageListCellView.swift */; };
		8556177E2A9B495C00DD5877 /* EditRecipeAddContentButtonListCellView.swift in Sources */ = {isa = PBXBuildFile; fileRef = 8556177D2A9B495C00DD5877 /* EditRecipeAddContentButtonListCellView.swift */; };
		855617822A9B4F5400DD5877 /* TagView.swift in Sources */ = {isa = PBXBuildFile; fileRef = 855617812A9B4F5400DD5877 /* TagView.swift */; };
		855617842A9B507200DD5877 /* ColorBasedOnInputViewModifier.swift in Sources */ = {isa = PBXBuildFile; fileRef = 855617832A9B507200DD5877 /* ColorBasedOnInputViewModifier.swift */; };
		855617872A9B511600DD5877 /* ColorBasedOnInputGenerator.swift in Sources */ = {isa = PBXBuildFile; fileRef = 855617862A9B511600DD5877 /* ColorBasedOnInputGenerator.swift */; };
		855617892A9B53C500DD5877 /* ValueWithUnitInputFieldView.swift in Sources */ = {isa = PBXBuildFile; fileRef = 855617882A9B53C500DD5877 /* ValueWithUnitInputFieldView.swift */; };
		8556178B2A9B565D00DD5877 /* ValuePickerView.swift in Sources */ = {isa = PBXBuildFile; fileRef = 8556178A2A9B565D00DD5877 /* ValuePickerView.swift */; };
		8556178E2A9B7B7F00DD5877 /* RecipeOverviewPage.swift in Sources */ = {isa = PBXBuildFile; fileRef = 8556178D2A9B7B7F00DD5877 /* RecipeOverviewPage.swift */; };
		855617902A9B7C8800DD5877 /* RecipeListingView.swift in Sources */ = {isa = PBXBuildFile; fileRef = 8556178F2A9B7C8800DD5877 /* RecipeListingView.swift */; };
		855617922A9B7CB600DD5877 /* RecipeCardView.swift in Sources */ = {isa = PBXBuildFile; fileRef = 855617912A9B7CB600DD5877 /* RecipeCardView.swift */; };
		855617942A9D242100DD5877 /* CreateNewRecipeUITest.swift in Sources */ = {isa = PBXBuildFile; fileRef = 855617932A9D242100DD5877 /* CreateNewRecipeUITest.swift */; };
		857AD85D2A93E74900259579 /* TestView.swift in Sources */ = {isa = PBXBuildFile; fileRef = 857AD85C2A93E74900259579 /* TestView.swift */; };
		858935BD2A90FEE200011D7F /* MealPlanApp.swift in Sources */ = {isa = PBXBuildFile; fileRef = 858935BC2A90FEE200011D7F /* MealPlanApp.swift */; };
		858935BF2A90FEE200011D7F /* ContentView.swift in Sources */ = {isa = PBXBuildFile; fileRef = 858935BE2A90FEE200011D7F /* ContentView.swift */; };
		858935C12A90FEE300011D7F /* Assets.xcassets in Resources */ = {isa = PBXBuildFile; fileRef = 858935C02A90FEE300011D7F /* Assets.xcassets */; };
		858935C42A90FEE300011D7F /* PreviewAssets.xcassets in Resources */ = {isa = PBXBuildFile; fileRef = 858935C32A90FEE300011D7F /* PreviewAssets.xcassets */; };
		858935CE2A90FEE300011D7F /* MealPlanTests.swift in Sources */ = {isa = PBXBuildFile; fileRef = 858935CD2A90FEE300011D7F /* MealPlanTests.swift */; };
		858935D82A90FEE300011D7F /* MealPlanUITests.swift in Sources */ = {isa = PBXBuildFile; fileRef = 858935D72A90FEE300011D7F /* MealPlanUITests.swift */; };
		858935DA2A90FEE300011D7F /* MealPlanUITestsLaunchTests.swift in Sources */ = {isa = PBXBuildFile; fileRef = 858935D92A90FEE300011D7F /* MealPlanUITestsLaunchTests.swift */; };
		858935E82A910B0800011D7F /* RecipeModel.swift in Sources */ = {isa = PBXBuildFile; fileRef = 858935E72A910B0800011D7F /* RecipeModel.swift */; };
		858935EB2A92112E00011D7F /* AddRecipePageView.swift in Sources */ = {isa = PBXBuildFile; fileRef = 858935EA2A92112E00011D7F /* AddRecipePageView.swift */; };
		858935EF2A92120400011D7F /* LabelButtonView.swift in Sources */ = {isa = PBXBuildFile; fileRef = 858935EE2A92120400011D7F /* LabelButtonView.swift */; };
		858935F62A9255D900011D7F /* EditRecipeView.swift in Sources */ = {isa = PBXBuildFile; fileRef = 858935F52A9255D900011D7F /* EditRecipeView.swift */; };
		858935F92A9256DF00011D7F /* EditRecipeNameLabelView.swift in Sources */ = {isa = PBXBuildFile; fileRef = 858935F82A9256DF00011D7F /* EditRecipeNameLabelView.swift */; };
		858935FB2A92650F00011D7F /* EditRecipeMetaInformationSectionView.swift in Sources */ = {isa = PBXBuildFile; fileRef = 858935FA2A92650F00011D7F /* EditRecipeMetaInformationSectionView.swift */; };
		858935FD2A9265C200011D7F /* LayoutConstants.swift in Sources */ = {isa = PBXBuildFile; fileRef = 858935FC2A9265C200011D7F /* LayoutConstants.swift */; };
		858935FF2A92675300011D7F /* Colors.swift in Sources */ = {isa = PBXBuildFile; fileRef = 858935FE2A92675300011D7F /* Colors.swift */; };
		858936012A9267AA00011D7F /* Colors.xcassets in Resources */ = {isa = PBXBuildFile; fileRef = 858936002A9267AA00011D7F /* Colors.xcassets */; };
		85BE2D0B2A951597001E3551 /* OneLineTitleCustomElementListCellView.swift in Sources */ = {isa = PBXBuildFile; fileRef = 85BE2D0A2A951597001E3551 /* OneLineTitleCustomElementListCellView.swift */; };
		85BE2D0D2A951AC1001E3551 /* ButtonListCellView.swift in Sources */ = {isa = PBXBuildFile; fileRef = 85BE2D0C2A951AC1001E3551 /* ButtonListCellView.swift */; };
		85BE2D0F2A951AF0001E3551 /* ListCellWrapperView.swift in Sources */ = {isa = PBXBuildFile; fileRef = 85BE2D0E2A951AF0001E3551 /* ListCellWrapperView.swift */; };
/* End PBXBuildFile section */

/* Begin PBXContainerItemProxy section */
		858935CA2A90FEE300011D7F /* PBXContainerItemProxy */ = {
			isa = PBXContainerItemProxy;
			containerPortal = 858935B12A90FEE200011D7F /* Project object */;
			proxyType = 1;
			remoteGlobalIDString = 858935B82A90FEE200011D7F;
			remoteInfo = MealPlan;
		};
		858935D42A90FEE300011D7F /* PBXContainerItemProxy */ = {
			isa = PBXContainerItemProxy;
			containerPortal = 858935B12A90FEE200011D7F /* Project object */;
			proxyType = 1;
			remoteGlobalIDString = 858935B82A90FEE200011D7F;
			remoteInfo = MealPlan;
		};
/* End PBXContainerItemProxy section */

/* Begin PBXFileReference section */
		850A4C582AA0F0C1009C68CB /* View+Extensions.swift */ = {isa = PBXFileReference; lastKnownFileType = sourcecode.swift; path = "View+Extensions.swift"; sourceTree = "<group>"; };
		855617742A9A36F300DD5877 /* ListSectionView.swift */ = {isa = PBXFileReference; lastKnownFileType = sourcecode.swift; path = ListSectionView.swift; sourceTree = "<group>"; };
		855617762A9A48E800DD5877 /* EditRecipeContentSectionView.swift */ = {isa = PBXFileReference; lastKnownFileType = sourcecode.swift; path = EditRecipeContentSectionView.swift; sourceTree = "<group>"; };
		855617792A9A4A8900DD5877 /* DeleteSwipeGestureViewModifier.swift */ = {isa = PBXFileReference; lastKnownFileType = sourcecode.swift; path = DeleteSwipeGestureViewModifier.swift; sourceTree = "<group>"; };
		8556177B2A9A4D8C00DD5877 /* EditRecipeImageListCellView.swift */ = {isa = PBXFileReference; lastKnownFileType = sourcecode.swift; path = EditRecipeImageListCellView.swift; sourceTree = "<group>"; };
		8556177D2A9B495C00DD5877 /* EditRecipeAddContentButtonListCellView.swift */ = {isa = PBXFileReference; lastKnownFileType = sourcecode.swift; path = EditRecipeAddContentButtonListCellView.swift; sourceTree = "<group>"; };
		855617812A9B4F5400DD5877 /* TagView.swift */ = {isa = PBXFileReference; lastKnownFileType = sourcecode.swift; path = TagView.swift; sourceTree = "<group>"; };
		855617832A9B507200DD5877 /* ColorBasedOnInputViewModifier.swift */ = {isa = PBXFileReference; lastKnownFileType = sourcecode.swift; path = ColorBasedOnInputViewModifier.swift; sourceTree = "<group>"; };
		855617862A9B511600DD5877 /* ColorBasedOnInputGenerator.swift */ = {isa = PBXFileReference; lastKnownFileType = sourcecode.swift; path = ColorBasedOnInputGenerator.swift; sourceTree = "<group>"; };
		855617882A9B53C500DD5877 /* ValueWithUnitInputFieldView.swift */ = {isa = PBXFileReference; lastKnownFileType = sourcecode.swift; path = ValueWithUnitInputFieldView.swift; sourceTree = "<group>"; };
		8556178A2A9B565D00DD5877 /* ValuePickerView.swift */ = {isa = PBXFileReference; lastKnownFileType = sourcecode.swift; path = ValuePickerView.swift; sourceTree = "<group>"; };
		8556178D2A9B7B7F00DD5877 /* RecipeOverviewPage.swift */ = {isa = PBXFileReference; lastKnownFileType = sourcecode.swift; path = RecipeOverviewPage.swift; sourceTree = "<group>"; };
		8556178F2A9B7C8800DD5877 /* RecipeListingView.swift */ = {isa = PBXFileReference; lastKnownFileType = sourcecode.swift; path = RecipeListingView.swift; sourceTree = "<group>"; };
		855617912A9B7CB600DD5877 /* RecipeCardView.swift */ = {isa = PBXFileReference; lastKnownFileType = sourcecode.swift; path = RecipeCardView.swift; sourceTree = "<group>"; };
		855617932A9D242100DD5877 /* CreateNewRecipeUITest.swift */ = {isa = PBXFileReference; lastKnownFileType = sourcecode.swift; path = CreateNewRecipeUITest.swift; sourceTree = "<group>"; };
		857AD85C2A93E74900259579 /* TestView.swift */ = {isa = PBXFileReference; lastKnownFileType = sourcecode.swift; path = TestView.swift; sourceTree = "<group>"; };
		858935B92A90FEE200011D7F /* MealPlan.app */ = {isa = PBXFileReference; explicitFileType = wrapper.application; includeInIndex = 0; path = MealPlan.app; sourceTree = BUILT_PRODUCTS_DIR; };
		858935BC2A90FEE200011D7F /* MealPlanApp.swift */ = {isa = PBXFileReference; lastKnownFileType = sourcecode.swift; path = MealPlanApp.swift; sourceTree = "<group>"; };
		858935BE2A90FEE200011D7F /* ContentView.swift */ = {isa = PBXFileReference; lastKnownFileType = sourcecode.swift; path = ContentView.swift; sourceTree = "<group>"; };
		858935C02A90FEE300011D7F /* Assets.xcassets */ = {isa = PBXFileReference; lastKnownFileType = folder.assetcatalog; path = Assets.xcassets; sourceTree = "<group>"; };
		858935C32A90FEE300011D7F /* PreviewAssets.xcassets */ = {isa = PBXFileReference; lastKnownFileType = folder.assetcatalog; path = PreviewAssets.xcassets; sourceTree = "<group>"; };
		858935C92A90FEE300011D7F /* MealPlanTests.xctest */ = {isa = PBXFileReference; explicitFileType = wrapper.cfbundle; includeInIndex = 0; path = MealPlanTests.xctest; sourceTree = BUILT_PRODUCTS_DIR; };
		858935CD2A90FEE300011D7F /* MealPlanTests.swift */ = {isa = PBXFileReference; lastKnownFileType = sourcecode.swift; path = MealPlanTests.swift; sourceTree = "<group>"; };
		858935D32A90FEE300011D7F /* MealPlanUITests.xctest */ = {isa = PBXFileReference; explicitFileType = wrapper.cfbundle; includeInIndex = 0; path = MealPlanUITests.xctest; sourceTree = BUILT_PRODUCTS_DIR; };
		858935D72A90FEE300011D7F /* MealPlanUITests.swift */ = {isa = PBXFileReference; lastKnownFileType = sourcecode.swift; path = MealPlanUITests.swift; sourceTree = "<group>"; };
		858935D92A90FEE300011D7F /* MealPlanUITestsLaunchTests.swift */ = {isa = PBXFileReference; lastKnownFileType = sourcecode.swift; path = MealPlanUITestsLaunchTests.swift; sourceTree = "<group>"; };
		858935E72A910B0800011D7F /* RecipeModel.swift */ = {isa = PBXFileReference; lastKnownFileType = sourcecode.swift; path = RecipeModel.swift; sourceTree = "<group>"; };
		858935EA2A92112E00011D7F /* AddRecipePageView.swift */ = {isa = PBXFileReference; lastKnownFileType = sourcecode.swift; path = AddRecipePageView.swift; sourceTree = "<group>"; };
		858935EE2A92120400011D7F /* LabelButtonView.swift */ = {isa = PBXFileReference; lastKnownFileType = sourcecode.swift; path = LabelButtonView.swift; sourceTree = "<group>"; };
		858935F52A9255D900011D7F /* EditRecipeView.swift */ = {isa = PBXFileReference; lastKnownFileType = sourcecode.swift; path = EditRecipeView.swift; sourceTree = "<group>"; };
		858935F82A9256DF00011D7F /* EditRecipeNameLabelView.swift */ = {isa = PBXFileReference; lastKnownFileType = sourcecode.swift; path = EditRecipeNameLabelView.swift; sourceTree = "<group>"; };
		858935FA2A92650F00011D7F /* EditRecipeMetaInformationSectionView.swift */ = {isa = PBXFileReference; lastKnownFileType = sourcecode.swift; path = EditRecipeMetaInformationSectionView.swift; sourceTree = "<group>"; };
		858935FC2A9265C200011D7F /* LayoutConstants.swift */ = {isa = PBXFileReference; lastKnownFileType = sourcecode.swift; path = LayoutConstants.swift; sourceTree = "<group>"; };
		858935FE2A92675300011D7F /* Colors.swift */ = {isa = PBXFileReference; lastKnownFileType = sourcecode.swift; path = Colors.swift; sourceTree = "<group>"; };
		858936002A9267AA00011D7F /* Colors.xcassets */ = {isa = PBXFileReference; lastKnownFileType = folder.assetcatalog; path = Colors.xcassets; sourceTree = "<group>"; };
		85BE2D0A2A951597001E3551 /* OneLineTitleCustomElementListCellView.swift */ = {isa = PBXFileReference; lastKnownFileType = sourcecode.swift; path = OneLineTitleCustomElementListCellView.swift; sourceTree = "<group>"; };
		85BE2D0C2A951AC1001E3551 /* ButtonListCellView.swift */ = {isa = PBXFileReference; lastKnownFileType = sourcecode.swift; path = ButtonListCellView.swift; sourceTree = "<group>"; };
		85BE2D0E2A951AF0001E3551 /* ListCellWrapperView.swift */ = {isa = PBXFileReference; lastKnownFileType = sourcecode.swift; path = ListCellWrapperView.swift; sourceTree = "<group>"; };
/* End PBXFileReference section */

/* Begin PBXFrameworksBuildPhase section */
		858935B62A90FEE200011D7F /* Frameworks */ = {
			isa = PBXFrameworksBuildPhase;
			buildActionMask = 2147483647;
			files = (
			);
			runOnlyForDeploymentPostprocessing = 0;
		};
		858935C62A90FEE300011D7F /* Frameworks */ = {
			isa = PBXFrameworksBuildPhase;
			buildActionMask = 2147483647;
			files = (
				850A4C572A9F8AC5009C68CB /* ViewInspector in Frameworks */,
			);
			runOnlyForDeploymentPostprocessing = 0;
		};
		858935D02A90FEE300011D7F /* Frameworks */ = {
			isa = PBXFrameworksBuildPhase;
			buildActionMask = 2147483647;
			files = (
			);
			runOnlyForDeploymentPostprocessing = 0;
		};
/* End PBXFrameworksBuildPhase section */

/* Begin PBXGroup section */
		85279F3C2AA33BF10031067B /* Extensions */ = {
			isa = PBXGroup;
			children = (
				850A4C582AA0F0C1009C68CB /* View+Extensions.swift */,
			);
			path = Extensions;
			sourceTree = "<group>";
		};
		85279F3D2AA33C390031067B /* Generic */ = {
			isa = PBXGroup;
			children = (
				85BE2D0E2A951AF0001E3551 /* ListCellWrapperView.swift */,
				855617742A9A36F300DD5877 /* ListSectionView.swift */,
				855617812A9B4F5400DD5877 /* TagView.swift */,
				855617882A9B53C500DD5877 /* ValueWithUnitInputFieldView.swift */,
				8556178A2A9B565D00DD5877 /* ValuePickerView.swift */,
				85BE2D0A2A951597001E3551 /* OneLineTitleCustomElementListCellView.swift */,
				85BE2D0C2A951AC1001E3551 /* ButtonListCellView.swift */,
				858935EE2A92120400011D7F /* LabelButtonView.swift */,
			);
			path = Generic;
			sourceTree = "<group>";
		};
		855617782A9A4A4F00DD5877 /* ViewModifiers */ = {
			isa = PBXGroup;
			children = (
				855617792A9A4A8900DD5877 /* DeleteSwipeGestureViewModifier.swift */,
				855617832A9B507200DD5877 /* ColorBasedOnInputViewModifier.swift */,
			);
			path = ViewModifiers;
			sourceTree = "<group>";
		};
		855617852A9B50F200DD5877 /* Services */ = {
			isa = PBXGroup;
			children = (
				855617862A9B511600DD5877 /* ColorBasedOnInputGenerator.swift */,
			);
			path = Services;
			sourceTree = "<group>";
		};
		8556178C2A9B7B4D00DD5877 /* RecipeListing */ = {
			isa = PBXGroup;
			children = (
				8556178F2A9B7C8800DD5877 /* RecipeListingView.swift */,
				855617912A9B7CB600DD5877 /* RecipeCardView.swift */,
			);
			path = RecipeListing;
			sourceTree = "<group>";
		};
		858935B02A90FEE200011D7F = {
			isa = PBXGroup;
			children = (
				858935BB2A90FEE200011D7F /* MealPlan */,
				858935CC2A90FEE300011D7F /* MealPlanTests */,
				858935D62A90FEE300011D7F /* MealPlanUITests */,
				858935BA2A90FEE200011D7F /* Products */,
			);
			sourceTree = "<group>";
		};
		858935BA2A90FEE200011D7F /* Products */ = {
			isa = PBXGroup;
			children = (
				858935B92A90FEE200011D7F /* MealPlan.app */,
				858935C92A90FEE300011D7F /* MealPlanTests.xctest */,
				858935D32A90FEE300011D7F /* MealPlanUITests.xctest */,
			);
			name = Products;
			sourceTree = "<group>";
		};
		858935BB2A90FEE200011D7F /* MealPlan */ = {
			isa = PBXGroup;
			children = (
				858935E92A92109900011D7F /* UserInterface */,
				858935BC2A90FEE200011D7F /* MealPlanApp.swift */,
				858935BE2A90FEE200011D7F /* ContentView.swift */,
				858935C02A90FEE300011D7F /* Assets.xcassets */,
				858935C22A90FEE300011D7F /* PreviewContent */,
			);
			path = MealPlan;
			sourceTree = "<group>";
		};
		858935C22A90FEE300011D7F /* PreviewContent */ = {
			isa = PBXGroup;
			children = (
				858935C32A90FEE300011D7F /* PreviewAssets.xcassets */,
			);
			path = PreviewContent;
			sourceTree = "<group>";
		};
		858935CC2A90FEE300011D7F /* MealPlanTests */ = {
			isa = PBXGroup;
			children = (
				858935CD2A90FEE300011D7F /* MealPlanTests.swift */,
			);
			path = MealPlanTests;
			sourceTree = "<group>";
		};
		858935D62A90FEE300011D7F /* MealPlanUITests */ = {
			isa = PBXGroup;
			children = (
				858935D72A90FEE300011D7F /* MealPlanUITests.swift */,
				858935D92A90FEE300011D7F /* MealPlanUITestsLaunchTests.swift */,
				855617932A9D242100DD5877 /* CreateNewRecipeUITest.swift */,
			);
			path = MealPlanUITests;
			sourceTree = "<group>";
		};
		858935E62A910AFD00011D7F /* Model */ = {
			isa = PBXGroup;
			children = (
				858935E72A910B0800011D7F /* RecipeModel.swift */,
			);
			path = Model;
			sourceTree = "<group>";
		};
		858935E92A92109900011D7F /* UserInterface */ = {
			isa = PBXGroup;
			children = (
				858935F72A92565900011D7F /* Views */,
				858935EC2A92113200011D7F /* Pages */,
				858935E62A910AFD00011D7F /* Model */,
				85279F3C2AA33BF10031067B /* Extensions */,
				855617782A9A4A4F00DD5877 /* ViewModifiers */,
				855617852A9B50F200DD5877 /* Services */,
				858935ED2A92116900011D7F /* Shared */,
			);
			path = UserInterface;
			sourceTree = "<group>";
		};
		858935EC2A92113200011D7F /* Pages */ = {
			isa = PBXGroup;
			children = (
				858935EA2A92112E00011D7F /* AddRecipePageView.swift */,
				8556178D2A9B7B7F00DD5877 /* RecipeOverviewPage.swift */,
			);
			path = Pages;
			sourceTree = "<group>";
		};
		858935ED2A92116900011D7F /* Shared */ = {
			isa = PBXGroup;
			children = (
				858935FC2A9265C200011D7F /* LayoutConstants.swift */,
				858935FE2A92675300011D7F /* Colors.swift */,
				858936002A9267AA00011D7F /* Colors.xcassets */,
			);
			path = Shared;
			sourceTree = "<group>";
		};
		858935F42A9255A700011D7F /* EditRecipe */ = {
			isa = PBXGroup;
			children = (
				858935F52A9255D900011D7F /* EditRecipeView.swift */,
				858935F82A9256DF00011D7F /* EditRecipeNameLabelView.swift */,
				858935FA2A92650F00011D7F /* EditRecipeMetaInformationSectionView.swift */,
				855617762A9A48E800DD5877 /* EditRecipeContentSectionView.swift */,
				8556177D2A9B495C00DD5877 /* EditRecipeAddContentButtonListCellView.swift */,
				8556177B2A9A4D8C00DD5877 /* EditRecipeImageListCellView.swift */,
				857AD85C2A93E74900259579 /* TestView.swift */,
			);
			path = EditRecipe;
			sourceTree = "<group>";
		};
		858935F72A92565900011D7F /* Views */ = {
			isa = PBXGroup;
			children = (
				85279F3D2AA33C390031067B /* Generic */,
				8556178C2A9B7B4D00DD5877 /* RecipeListing */,
				858935F42A9255A700011D7F /* EditRecipe */,
			);
			path = Views;
			sourceTree = "<group>";
		};
/* End PBXGroup section */

/* Begin PBXNativeTarget section */
		858935B82A90FEE200011D7F /* MealPlan */ = {
			isa = PBXNativeTarget;
			buildConfigurationList = 858935DD2A90FEE300011D7F /* Build configuration list for PBXNativeTarget "MealPlan" */;
			buildPhases = (
				858935B52A90FEE200011D7F /* Sources */,
				858935B62A90FEE200011D7F /* Frameworks */,
				858935B72A90FEE200011D7F /* Resources */,
			);
			buildRules = (
			);
			dependencies = (
			);
			name = MealPlan;
			productName = MealPlan;
			productReference = 858935B92A90FEE200011D7F /* MealPlan.app */;
			productType = "com.apple.product-type.application";
		};
		858935C82A90FEE300011D7F /* MealPlanTests */ = {
			isa = PBXNativeTarget;
			buildConfigurationList = 858935E02A90FEE300011D7F /* Build configuration list for PBXNativeTarget "MealPlanTests" */;
			buildPhases = (
				858935C52A90FEE300011D7F /* Sources */,
				858935C62A90FEE300011D7F /* Frameworks */,
				858935C72A90FEE300011D7F /* Resources */,
			);
			buildRules = (
			);
			dependencies = (
				858935CB2A90FEE300011D7F /* PBXTargetDependency */,
			);
			name = MealPlanTests;
			packageProductDependencies = (
				850A4C562A9F8AC5009C68CB /* ViewInspector */,
			);
			productName = MealPlanTests;
			productReference = 858935C92A90FEE300011D7F /* MealPlanTests.xctest */;
			productType = "com.apple.product-type.bundle.unit-test";
		};
		858935D22A90FEE300011D7F /* MealPlanUITests */ = {
			isa = PBXNativeTarget;
			buildConfigurationList = 858935E32A90FEE300011D7F /* Build configuration list for PBXNativeTarget "MealPlanUITests" */;
			buildPhases = (
				858935CF2A90FEE300011D7F /* Sources */,
				858935D02A90FEE300011D7F /* Frameworks */,
				858935D12A90FEE300011D7F /* Resources */,
			);
			buildRules = (
			);
			dependencies = (
				858935D52A90FEE300011D7F /* PBXTargetDependency */,
			);
			name = MealPlanUITests;
			productName = MealPlanUITests;
			productReference = 858935D32A90FEE300011D7F /* MealPlanUITests.xctest */;
			productType = "com.apple.product-type.bundle.ui-testing";
		};
/* End PBXNativeTarget section */

/* Begin PBXProject section */
		858935B12A90FEE200011D7F /* Project object */ = {
			isa = PBXProject;
			attributes = {
				BuildIndependentTargetsInParallel = 1;
				LastSwiftUpdateCheck = 1430;
				LastUpgradeCheck = 1430;
				TargetAttributes = {
					858935B82A90FEE200011D7F = {
						CreatedOnToolsVersion = 14.3;
					};
					858935C82A90FEE300011D7F = {
						CreatedOnToolsVersion = 14.3;
						TestTargetID = 858935B82A90FEE200011D7F;
					};
					858935D22A90FEE300011D7F = {
						CreatedOnToolsVersion = 14.3;
						TestTargetID = 858935B82A90FEE200011D7F;
					};
				};
			};
			buildConfigurationList = 858935B42A90FEE200011D7F /* Build configuration list for PBXProject "MealPlan" */;
			compatibilityVersion = "Xcode 14.0";
			developmentRegion = en;
			hasScannedForEncodings = 0;
			knownRegions = (
				en,
				Base,
			);
			mainGroup = 858935B02A90FEE200011D7F;
			packageReferences = (
				850A4C552A9F8AC5009C68CB /* XCRemoteSwiftPackageReference "ViewInspector" */,
			);
			productRefGroup = 858935BA2A90FEE200011D7F /* Products */;
			projectDirPath = "";
			projectRoot = "";
			targets = (
				858935B82A90FEE200011D7F /* MealPlan */,
				858935C82A90FEE300011D7F /* MealPlanTests */,
				858935D22A90FEE300011D7F /* MealPlanUITests */,
			);
		};
/* End PBXProject section */

/* Begin PBXResourcesBuildPhase section */
		858935B72A90FEE200011D7F /* Resources */ = {
			isa = PBXResourcesBuildPhase;
			buildActionMask = 2147483647;
			files = (
				858936012A9267AA00011D7F /* Colors.xcassets in Resources */,
				858935C42A90FEE300011D7F /* PreviewAssets.xcassets in Resources */,
				858935C12A90FEE300011D7F /* Assets.xcassets in Resources */,
			);
			runOnlyForDeploymentPostprocessing = 0;
		};
		858935C72A90FEE300011D7F /* Resources */ = {
			isa = PBXResourcesBuildPhase;
			buildActionMask = 2147483647;
			files = (
			);
			runOnlyForDeploymentPostprocessing = 0;
		};
		858935D12A90FEE300011D7F /* Resources */ = {
			isa = PBXResourcesBuildPhase;
			buildActionMask = 2147483647;
			files = (
			);
			runOnlyForDeploymentPostprocessing = 0;
		};
/* End PBXResourcesBuildPhase section */

/* Begin PBXSourcesBuildPhase section */
		858935B52A90FEE200011D7F /* Sources */ = {
			isa = PBXSourcesBuildPhase;
			buildActionMask = 2147483647;
			files = (
				85BE2D0B2A951597001E3551 /* OneLineTitleCustomElementListCellView.swift in Sources */,
				855617902A9B7C8800DD5877 /* RecipeListingView.swift in Sources */,
				8556177A2A9A4A8900DD5877 /* DeleteSwipeGestureViewModifier.swift in Sources */,
				855617842A9B507200DD5877 /* ColorBasedOnInputViewModifier.swift in Sources */,
				857AD85D2A93E74900259579 /* TestView.swift in Sources */,
				858935FD2A9265C200011D7F /* LayoutConstants.swift in Sources */,
				85BE2D0D2A951AC1001E3551 /* ButtonListCellView.swift in Sources */,
				8556178B2A9B565D00DD5877 /* ValuePickerView.swift in Sources */,
				8556177E2A9B495C00DD5877 /* EditRecipeAddContentButtonListCellView.swift in Sources */,
				855617772A9A48E800DD5877 /* EditRecipeContentSectionView.swift in Sources */,
				850A4C592AA0F0C1009C68CB /* View+Extensions.swift in Sources */,
				855617872A9B511600DD5877 /* ColorBasedOnInputGenerator.swift in Sources */,
				858935FF2A92675300011D7F /* Colors.swift in Sources */,
				858935BF2A90FEE200011D7F /* ContentView.swift in Sources */,
				858935EF2A92120400011D7F /* LabelButtonView.swift in Sources */,
				858935BD2A90FEE200011D7F /* MealPlanApp.swift in Sources */,
				8556178E2A9B7B7F00DD5877 /* RecipeOverviewPage.swift in Sources */,
				855617822A9B4F5400DD5877 /* TagView.swift in Sources */,
				855617922A9B7CB600DD5877 /* RecipeCardView.swift in Sources */,
				858935E82A910B0800011D7F /* RecipeModel.swift in Sources */,
				858935FB2A92650F00011D7F /* EditRecipeMetaInformationSectionView.swift in Sources */,
				855617892A9B53C500DD5877 /* ValueWithUnitInputFieldView.swift in Sources */,
				85BE2D0F2A951AF0001E3551 /* ListCellWrapperView.swift in Sources */,
				855617752A9A36F300DD5877 /* ListSectionView.swift in Sources */,
				858935F62A9255D900011D7F /* EditRecipeView.swift in Sources */,
				858935F92A9256DF00011D7F /* EditRecipeNameLabelView.swift in Sources */,
				8556177C2A9A4D8C00DD5877 /* EditRecipeImageListCellView.swift in Sources */,
				858935EB2A92112E00011D7F /* AddRecipePageView.swift in Sources */,
			);
			runOnlyForDeploymentPostprocessing = 0;
		};
		858935C52A90FEE300011D7F /* Sources */ = {
			isa = PBXSourcesBuildPhase;
			buildActionMask = 2147483647;
			files = (
				858935CE2A90FEE300011D7F /* MealPlanTests.swift in Sources */,
			);
			runOnlyForDeploymentPostprocessing = 0;
		};
		858935CF2A90FEE300011D7F /* Sources */ = {
			isa = PBXSourcesBuildPhase;
			buildActionMask = 2147483647;
			files = (
				855617942A9D242100DD5877 /* CreateNewRecipeUITest.swift in Sources */,
				858935DA2A90FEE300011D7F /* MealPlanUITestsLaunchTests.swift in Sources */,
				858935D82A90FEE300011D7F /* MealPlanUITests.swift in Sources */,
			);
			runOnlyForDeploymentPostprocessing = 0;
		};
/* End PBXSourcesBuildPhase section */

/* Begin PBXTargetDependency section */
		858935CB2A90FEE300011D7F /* PBXTargetDependency */ = {
			isa = PBXTargetDependency;
			target = 858935B82A90FEE200011D7F /* MealPlan */;
			targetProxy = 858935CA2A90FEE300011D7F /* PBXContainerItemProxy */;
		};
		858935D52A90FEE300011D7F /* PBXTargetDependency */ = {
			isa = PBXTargetDependency;
			target = 858935B82A90FEE200011D7F /* MealPlan */;
			targetProxy = 858935D42A90FEE300011D7F /* PBXContainerItemProxy */;
		};
/* End PBXTargetDependency section */

/* Begin XCBuildConfiguration section */
		858935DB2A90FEE300011D7F /* Debug */ = {
			isa = XCBuildConfiguration;
			buildSettings = {
				ALWAYS_SEARCH_USER_PATHS = NO;
				CLANG_ANALYZER_NONNULL = YES;
				CLANG_ANALYZER_NUMBER_OBJECT_CONVERSION = YES_AGGRESSIVE;
				CLANG_CXX_LANGUAGE_STANDARD = "gnu++20";
				CLANG_ENABLE_MODULES = YES;
				CLANG_ENABLE_OBJC_ARC = YES;
				CLANG_ENABLE_OBJC_WEAK = YES;
				CLANG_WARN_BLOCK_CAPTURE_AUTORELEASING = YES;
				CLANG_WARN_BOOL_CONVERSION = YES;
				CLANG_WARN_COMMA = YES;
				CLANG_WARN_CONSTANT_CONVERSION = YES;
				CLANG_WARN_DEPRECATED_OBJC_IMPLEMENTATIONS = YES;
				CLANG_WARN_DIRECT_OBJC_ISA_USAGE = YES_ERROR;
				CLANG_WARN_DOCUMENTATION_COMMENTS = YES;
				CLANG_WARN_EMPTY_BODY = YES;
				CLANG_WARN_ENUM_CONVERSION = YES;
				CLANG_WARN_INFINITE_RECURSION = YES;
				CLANG_WARN_INT_CONVERSION = YES;
				CLANG_WARN_NON_LITERAL_NULL_CONVERSION = YES;
				CLANG_WARN_OBJC_IMPLICIT_RETAIN_SELF = YES;
				CLANG_WARN_OBJC_LITERAL_CONVERSION = YES;
				CLANG_WARN_OBJC_ROOT_CLASS = YES_ERROR;
				CLANG_WARN_QUOTED_INCLUDE_IN_FRAMEWORK_HEADER = YES;
				CLANG_WARN_RANGE_LOOP_ANALYSIS = YES;
				CLANG_WARN_STRICT_PROTOTYPES = YES;
				CLANG_WARN_SUSPICIOUS_MOVE = YES;
				CLANG_WARN_UNGUARDED_AVAILABILITY = YES_AGGRESSIVE;
				CLANG_WARN_UNREACHABLE_CODE = YES;
				CLANG_WARN__DUPLICATE_METHOD_MATCH = YES;
				COPY_PHASE_STRIP = NO;
				DEBUG_INFORMATION_FORMAT = dwarf;
				ENABLE_STRICT_OBJC_MSGSEND = YES;
				ENABLE_TESTABILITY = YES;
				GCC_C_LANGUAGE_STANDARD = gnu11;
				GCC_DYNAMIC_NO_PIC = NO;
				GCC_NO_COMMON_BLOCKS = YES;
				GCC_OPTIMIZATION_LEVEL = 0;
				GCC_PREPROCESSOR_DEFINITIONS = (
					"DEBUG=1",
					"$(inherited)",
				);
				GCC_WARN_64_TO_32_BIT_CONVERSION = YES;
				GCC_WARN_ABOUT_RETURN_TYPE = YES_ERROR;
				GCC_WARN_UNDECLARED_SELECTOR = YES;
				GCC_WARN_UNINITIALIZED_AUTOS = YES_AGGRESSIVE;
				GCC_WARN_UNUSED_FUNCTION = YES;
				GCC_WARN_UNUSED_VARIABLE = YES;
				IPHONEOS_DEPLOYMENT_TARGET = 16.4;
				MTL_ENABLE_DEBUG_INFO = INCLUDE_SOURCE;
				MTL_FAST_MATH = YES;
				ONLY_ACTIVE_ARCH = YES;
				SDKROOT = iphoneos;
				SWIFT_ACTIVE_COMPILATION_CONDITIONS = DEBUG;
				SWIFT_OPTIMIZATION_LEVEL = "-Onone";
			};
			name = Debug;
		};
		858935DC2A90FEE300011D7F /* Release */ = {
			isa = XCBuildConfiguration;
			buildSettings = {
				ALWAYS_SEARCH_USER_PATHS = NO;
				CLANG_ANALYZER_NONNULL = YES;
				CLANG_ANALYZER_NUMBER_OBJECT_CONVERSION = YES_AGGRESSIVE;
				CLANG_CXX_LANGUAGE_STANDARD = "gnu++20";
				CLANG_ENABLE_MODULES = YES;
				CLANG_ENABLE_OBJC_ARC = YES;
				CLANG_ENABLE_OBJC_WEAK = YES;
				CLANG_WARN_BLOCK_CAPTURE_AUTORELEASING = YES;
				CLANG_WARN_BOOL_CONVERSION = YES;
				CLANG_WARN_COMMA = YES;
				CLANG_WARN_CONSTANT_CONVERSION = YES;
				CLANG_WARN_DEPRECATED_OBJC_IMPLEMENTATIONS = YES;
				CLANG_WARN_DIRECT_OBJC_ISA_USAGE = YES_ERROR;
				CLANG_WARN_DOCUMENTATION_COMMENTS = YES;
				CLANG_WARN_EMPTY_BODY = YES;
				CLANG_WARN_ENUM_CONVERSION = YES;
				CLANG_WARN_INFINITE_RECURSION = YES;
				CLANG_WARN_INT_CONVERSION = YES;
				CLANG_WARN_NON_LITERAL_NULL_CONVERSION = YES;
				CLANG_WARN_OBJC_IMPLICIT_RETAIN_SELF = YES;
				CLANG_WARN_OBJC_LITERAL_CONVERSION = YES;
				CLANG_WARN_OBJC_ROOT_CLASS = YES_ERROR;
				CLANG_WARN_QUOTED_INCLUDE_IN_FRAMEWORK_HEADER = YES;
				CLANG_WARN_RANGE_LOOP_ANALYSIS = YES;
				CLANG_WARN_STRICT_PROTOTYPES = YES;
				CLANG_WARN_SUSPICIOUS_MOVE = YES;
				CLANG_WARN_UNGUARDED_AVAILABILITY = YES_AGGRESSIVE;
				CLANG_WARN_UNREACHABLE_CODE = YES;
				CLANG_WARN__DUPLICATE_METHOD_MATCH = YES;
				COPY_PHASE_STRIP = NO;
				DEBUG_INFORMATION_FORMAT = "dwarf-with-dsym";
				ENABLE_NS_ASSERTIONS = NO;
				ENABLE_STRICT_OBJC_MSGSEND = YES;
				GCC_C_LANGUAGE_STANDARD = gnu11;
				GCC_NO_COMMON_BLOCKS = YES;
				GCC_WARN_64_TO_32_BIT_CONVERSION = YES;
				GCC_WARN_ABOUT_RETURN_TYPE = YES_ERROR;
				GCC_WARN_UNDECLARED_SELECTOR = YES;
				GCC_WARN_UNINITIALIZED_AUTOS = YES_AGGRESSIVE;
				GCC_WARN_UNUSED_FUNCTION = YES;
				GCC_WARN_UNUSED_VARIABLE = YES;
				IPHONEOS_DEPLOYMENT_TARGET = 16.4;
				MTL_ENABLE_DEBUG_INFO = NO;
				MTL_FAST_MATH = YES;
				SDKROOT = iphoneos;
				SWIFT_COMPILATION_MODE = wholemodule;
				SWIFT_OPTIMIZATION_LEVEL = "-O";
				VALIDATE_PRODUCT = YES;
			};
			name = Release;
		};
		858935DE2A90FEE300011D7F /* Debug */ = {
			isa = XCBuildConfiguration;
			buildSettings = {
				ASSETCATALOG_COMPILER_APPICON_NAME = AppIcon;
				ASSETCATALOG_COMPILER_GLOBAL_ACCENT_COLOR_NAME = AccentColor;
				CODE_SIGN_STYLE = Automatic;
				CURRENT_PROJECT_VERSION = 1;
				DEVELOPMENT_ASSET_PATHS = "\"MealPlan/PreviewContent\"";
				DEVELOPMENT_TEAM = YP55X74PC3;
				ENABLE_PREVIEWS = YES;
				GENERATE_INFOPLIST_FILE = YES;
				INFOPLIST_KEY_UIApplicationSceneManifest_Generation = YES;
				INFOPLIST_KEY_UIApplicationSupportsIndirectInputEvents = YES;
				INFOPLIST_KEY_UILaunchScreen_Generation = YES;
				INFOPLIST_KEY_UISupportedInterfaceOrientations_iPad = "UIInterfaceOrientationPortrait UIInterfaceOrientationPortraitUpsideDown UIInterfaceOrientationLandscapeLeft UIInterfaceOrientationLandscapeRight";
				INFOPLIST_KEY_UISupportedInterfaceOrientations_iPhone = "UIInterfaceOrientationPortrait UIInterfaceOrientationLandscapeLeft UIInterfaceOrientationLandscapeRight";
				LD_RUNPATH_SEARCH_PATHS = (
					"$(inherited)",
					"@executable_path/Frameworks",
				);
				MARKETING_VERSION = 1.0;
				PRODUCT_BUNDLE_IDENTIFIER = de.niklasschildhauer.MealPlan;
				PRODUCT_NAME = "$(TARGET_NAME)";
				SWIFT_EMIT_LOC_STRINGS = YES;
				SWIFT_VERSION = 5.0;
				TARGETED_DEVICE_FAMILY = "1,2";
			};
			name = Debug;
		};
		858935DF2A90FEE300011D7F /* Release */ = {
			isa = XCBuildConfiguration;
			buildSettings = {
				ASSETCATALOG_COMPILER_APPICON_NAME = AppIcon;
				ASSETCATALOG_COMPILER_GLOBAL_ACCENT_COLOR_NAME = AccentColor;
				CODE_SIGN_STYLE = Automatic;
				CURRENT_PROJECT_VERSION = 1;
				DEVELOPMENT_ASSET_PATHS = "\"MealPlan/PreviewContent\"";
				DEVELOPMENT_TEAM = YP55X74PC3;
				ENABLE_PREVIEWS = YES;
				GENERATE_INFOPLIST_FILE = YES;
				INFOPLIST_KEY_UIApplicationSceneManifest_Generation = YES;
				INFOPLIST_KEY_UIApplicationSupportsIndirectInputEvents = YES;
				INFOPLIST_KEY_UILaunchScreen_Generation = YES;
				INFOPLIST_KEY_UISupportedInterfaceOrientations_iPad = "UIInterfaceOrientationPortrait UIInterfaceOrientationPortraitUpsideDown UIInterfaceOrientationLandscapeLeft UIInterfaceOrientationLandscapeRight";
				INFOPLIST_KEY_UISupportedInterfaceOrientations_iPhone = "UIInterfaceOrientationPortrait UIInterfaceOrientationLandscapeLeft UIInterfaceOrientationLandscapeRight";
				LD_RUNPATH_SEARCH_PATHS = (
					"$(inherited)",
					"@executable_path/Frameworks",
				);
				MARKETING_VERSION = 1.0;
				PRODUCT_BUNDLE_IDENTIFIER = de.niklasschildhauer.MealPlan;
				PRODUCT_NAME = "$(TARGET_NAME)";
				SWIFT_EMIT_LOC_STRINGS = YES;
				SWIFT_VERSION = 5.0;
				TARGETED_DEVICE_FAMILY = "1,2";
			};
			name = Release;
		};
		858935E12A90FEE300011D7F /* Debug */ = {
			isa = XCBuildConfiguration;
			buildSettings = {
				ALWAYS_EMBED_SWIFT_STANDARD_LIBRARIES = YES;
				BUNDLE_LOADER = "$(TEST_HOST)";
				CODE_SIGN_STYLE = Automatic;
				CURRENT_PROJECT_VERSION = 1;
				DEVELOPMENT_TEAM = YP55X74PC3;
				GENERATE_INFOPLIST_FILE = YES;
				IPHONEOS_DEPLOYMENT_TARGET = 16.4;
				MARKETING_VERSION = 1.0;
				PRODUCT_BUNDLE_IDENTIFIER = de.niklasschildhauer.MealPlanTests;
				PRODUCT_NAME = "$(TARGET_NAME)";
				SWIFT_EMIT_LOC_STRINGS = NO;
				SWIFT_VERSION = 5.0;
				TARGETED_DEVICE_FAMILY = "1,2";
				TEST_HOST = "$(BUILT_PRODUCTS_DIR)/MealPlan.app/$(BUNDLE_EXECUTABLE_FOLDER_PATH)/MealPlan";
			};
			name = Debug;
		};
		858935E22A90FEE300011D7F /* Release */ = {
			isa = XCBuildConfiguration;
			buildSettings = {
				ALWAYS_EMBED_SWIFT_STANDARD_LIBRARIES = YES;
				BUNDLE_LOADER = "$(TEST_HOST)";
				CODE_SIGN_STYLE = Automatic;
				CURRENT_PROJECT_VERSION = 1;
				DEVELOPMENT_TEAM = YP55X74PC3;
				GENERATE_INFOPLIST_FILE = YES;
				IPHONEOS_DEPLOYMENT_TARGET = 16.4;
				MARKETING_VERSION = 1.0;
				PRODUCT_BUNDLE_IDENTIFIER = de.niklasschildhauer.MealPlanTests;
				PRODUCT_NAME = "$(TARGET_NAME)";
				SWIFT_EMIT_LOC_STRINGS = NO;
				SWIFT_VERSION = 5.0;
				TARGETED_DEVICE_FAMILY = "1,2";
				TEST_HOST = "$(BUILT_PRODUCTS_DIR)/MealPlan.app/$(BUNDLE_EXECUTABLE_FOLDER_PATH)/MealPlan";
			};
			name = Release;
		};
		858935E42A90FEE300011D7F /* Debug */ = {
			isa = XCBuildConfiguration;
			buildSettings = {
				ALWAYS_EMBED_SWIFT_STANDARD_LIBRARIES = YES;
				CODE_SIGN_STYLE = Automatic;
				CURRENT_PROJECT_VERSION = 1;
				DEVELOPMENT_TEAM = YP55X74PC3;
				GENERATE_INFOPLIST_FILE = YES;
				MARKETING_VERSION = 1.0;
				PRODUCT_BUNDLE_IDENTIFIER = de.niklasschildhauer.MealPlanUITests;
				PRODUCT_NAME = "$(TARGET_NAME)";
				SWIFT_EMIT_LOC_STRINGS = NO;
				SWIFT_VERSION = 5.0;
				TARGETED_DEVICE_FAMILY = "1,2";
				TEST_TARGET_NAME = MealPlan;
			};
			name = Debug;
		};
		858935E52A90FEE300011D7F /* Release */ = {
			isa = XCBuildConfiguration;
			buildSettings = {
				ALWAYS_EMBED_SWIFT_STANDARD_LIBRARIES = YES;
				CODE_SIGN_STYLE = Automatic;
				CURRENT_PROJECT_VERSION = 1;
				DEVELOPMENT_TEAM = YP55X74PC3;
				GENERATE_INFOPLIST_FILE = YES;
				MARKETING_VERSION = 1.0;
				PRODUCT_BUNDLE_IDENTIFIER = de.niklasschildhauer.MealPlanUITests;
				PRODUCT_NAME = "$(TARGET_NAME)";
				SWIFT_EMIT_LOC_STRINGS = NO;
				SWIFT_VERSION = 5.0;
				TARGETED_DEVICE_FAMILY = "1,2";
				TEST_TARGET_NAME = MealPlan;
			};
			name = Release;
		};
/* End XCBuildConfiguration section */

/* Begin XCConfigurationList section */
		858935B42A90FEE200011D7F /* Build configuration list for PBXProject "MealPlan" */ = {
			isa = XCConfigurationList;
			buildConfigurations = (
				858935DB2A90FEE300011D7F /* Debug */,
				858935DC2A90FEE300011D7F /* Release */,
			);
			defaultConfigurationIsVisible = 0;
			defaultConfigurationName = Release;
		};
		858935DD2A90FEE300011D7F /* Build configuration list for PBXNativeTarget "MealPlan" */ = {
			isa = XCConfigurationList;
			buildConfigurations = (
				858935DE2A90FEE300011D7F /* Debug */,
				858935DF2A90FEE300011D7F /* Release */,
			);
			defaultConfigurationIsVisible = 0;
			defaultConfigurationName = Release;
		};
		858935E02A90FEE300011D7F /* Build configuration list for PBXNativeTarget "MealPlanTests" */ = {
			isa = XCConfigurationList;
			buildConfigurations = (
				858935E12A90FEE300011D7F /* Debug */,
				858935E22A90FEE300011D7F /* Release */,
			);
			defaultConfigurationIsVisible = 0;
			defaultConfigurationName = Release;
		};
		858935E32A90FEE300011D7F /* Build configuration list for PBXNativeTarget "MealPlanUITests" */ = {
			isa = XCConfigurationList;
			buildConfigurations = (
				858935E42A90FEE300011D7F /* Debug */,
				858935E52A90FEE300011D7F /* Release */,
			);
			defaultConfigurationIsVisible = 0;
			defaultConfigurationName = Release;
		};
/* End XCConfigurationList section */

/* Begin XCRemoteSwiftPackageReference section */
		850A4C552A9F8AC5009C68CB /* XCRemoteSwiftPackageReference "ViewInspector" */ = {
			isa = XCRemoteSwiftPackageReference;
			repositoryURL = "https://github.com/nalexn/ViewInspector";
			requirement = {
				kind = upToNextMajorVersion;
				minimumVersion = 0.9.7;
			};
		};
/* End XCRemoteSwiftPackageReference section */

/* Begin XCSwiftPackageProductDependency section */
		850A4C562A9F8AC5009C68CB /* ViewInspector */ = {
			isa = XCSwiftPackageProductDependency;
			package = 850A4C552A9F8AC5009C68CB /* XCRemoteSwiftPackageReference "ViewInspector" */;
			productName = ViewInspector;
		};
/* End XCSwiftPackageProductDependency section */
	};
	rootObject = 858935B12A90FEE200011D7F /* Project object */;
}
